// !$*UTF8*$!
{
	archiveVersion = 1;
	classes = {
	};
	objectVersion = 46;
	objects = {

/* Begin PBXBuildFile section */
		42D5D5C4C9EB3433D3E7F27F /* libPods-Tick8.a in Frameworks */ = {isa = PBXBuildFile; fileRef = 1D4BC35B7D5EF4C339B7B15A /* libPods-Tick8.a */; };
		B1050DBA1F4C345F005FF2D5 /* Fabric.framework in Frameworks */ = {isa = PBXBuildFile; fileRef = B1050DB81F4C345F005FF2D5 /* Fabric.framework */; };
		B1050DBB1F4C345F005FF2D5 /* Crashlytics.framework in Frameworks */ = {isa = PBXBuildFile; fileRef = B1050DB91F4C345F005FF2D5 /* Crashlytics.framework */; };
		B148B3981F70E30000924FC5 /* MyProfileViewController.swift in Sources */ = {isa = PBXBuildFile; fileRef = B148B3971F70E30000924FC5 /* MyProfileViewController.swift */; };
		B148B39C1F70E57E00924FC5 /* Assets.xcassets in Resources */ = {isa = PBXBuildFile; fileRef = B148B39B1F70E57E00924FC5 /* Assets.xcassets */; };
		B148B39E1F71081D00924FC5 /* SortViewController.swift in Sources */ = {isa = PBXBuildFile; fileRef = B148B39D1F71081D00924FC5 /* SortViewController.swift */; };
		B14AB63E1F9F062C00300D0A /* AVFoundation.framework in Frameworks */ = {isa = PBXBuildFile; fileRef = B14AB63D1F9F062B00300D0A /* AVFoundation.framework */; };
		B15446081F4ABF0C00A75BE7 /* ContactUsViewController.swift in Sources */ = {isa = PBXBuildFile; fileRef = B15446071F4ABF0C00A75BE7 /* ContactUsViewController.swift */; };
		B154460B1F4AE0E000A75BE7 /* Arimo-Bold.ttf in Resources */ = {isa = PBXBuildFile; fileRef = B186DF821F2EFBA800824A94 /* Arimo-Bold.ttf */; };
		B154460C1F4AE0E200A75BE7 /* Arimo-BoldItalic.ttf in Resources */ = {isa = PBXBuildFile; fileRef = B186DF831F2EFBA800824A94 /* Arimo-BoldItalic.ttf */; };
		B154460D1F4AE0E400A75BE7 /* Arimo-Italic.ttf in Resources */ = {isa = PBXBuildFile; fileRef = B186DF841F2EFBA800824A94 /* Arimo-Italic.ttf */; };
		B154460E1F4AE0E700A75BE7 /* Arimo-Regular.ttf in Resources */ = {isa = PBXBuildFile; fileRef = B186DF851F2EFBA800824A94 /* Arimo-Regular.ttf */; };
		B17054641FB4273C004F892E /* RefundViewController.swift in Sources */ = {isa = PBXBuildFile; fileRef = B17054631FB4273C004F892E /* RefundViewController.swift */; };
		B170A8B21F4AFDF900212673 /* KGCopyableLabel.swift in Sources */ = {isa = PBXBuildFile; fileRef = B170A8B11F4AFDF900212673 /* KGCopyableLabel.swift */; };
		B18013CF1F722B65000F3043 /* FilterViewController.swift in Sources */ = {isa = PBXBuildFile; fileRef = B18013CE1F722B65000F3043 /* FilterViewController.swift */; };
		B18013D11F722B6C000F3043 /* RangeSlider.swift in Sources */ = {isa = PBXBuildFile; fileRef = B18013D01F722B6C000F3043 /* RangeSlider.swift */; };
		B186DF8B1F2F1C4400824A94 /* BG.png in Resources */ = {isa = PBXBuildFile; fileRef = B186DF871F2F1C4300824A94 /* BG.png */; };
		B186DF8C1F2F1C4400824A94 /* BG640x960.png in Resources */ = {isa = PBXBuildFile; fileRef = B186DF881F2F1C4400824A94 /* BG640x960.png */; };
		B186DF8D1F2F1C4400824A94 /* BG640x1136.png in Resources */ = {isa = PBXBuildFile; fileRef = B186DF891F2F1C4400824A94 /* BG640x1136.png */; };
		B186DF8E1F2F1C4400824A94 /* BG750.png in Resources */ = {isa = PBXBuildFile; fileRef = B186DF8A1F2F1C4400824A94 /* BG750.png */; };
		B186DF901F2F1CD300824A94 /* LoginViewController.swift in Sources */ = {isa = PBXBuildFile; fileRef = B186DF8F1F2F1CD300824A94 /* LoginViewController.swift */; };
		B186DF921F2F4E9000824A94 /* RegisterViewController.swift in Sources */ = {isa = PBXBuildFile; fileRef = B186DF911F2F4E9000824A94 /* RegisterViewController.swift */; };
		B188182D1F2B1DFC00792777 /* AppDelegate.swift in Sources */ = {isa = PBXBuildFile; fileRef = B188182C1F2B1DFC00792777 /* AppDelegate.swift */; };
		B18818371F2B1DFC00792777 /* LaunchScreen.storyboard in Resources */ = {isa = PBXBuildFile; fileRef = B18818351F2B1DFC00792777 /* LaunchScreen.storyboard */; };
		B18818411F2B1E5B00792777 /* UIDeviceControl.swift in Sources */ = {isa = PBXBuildFile; fileRef = B188183E1F2B1E5B00792777 /* UIDeviceControl.swift */; };
		B18818431F2B1E5B00792777 /* Constant.swift in Sources */ = {isa = PBXBuildFile; fileRef = B18818401F2B1E5B00792777 /* Constant.swift */; };
		B18818591F2B1EFA00792777 /* MBProgressHUD.m in Sources */ = {isa = PBXBuildFile; fileRef = B188184D1F2B1EFA00792777 /* MBProgressHUD.m */; };
		B188185B1F2B1EFA00792777 /* UIImage+animatedGIF.m in Sources */ = {isa = PBXBuildFile; fileRef = B18818501F2B1EFA00792777 /* UIImage+animatedGIF.m */; };
		B188185D1F2B1EFA00792777 /* Reachability.m in Sources */ = {isa = PBXBuildFile; fileRef = B18818541F2B1EFA00792777 /* Reachability.m */; };
		B188185E1F2B1EFA00792777 /* AGPushNoteView.m in Sources */ = {isa = PBXBuildFile; fileRef = B18818551F2B1EFA00792777 /* AGPushNoteView.m */; };
		B18818651F2B5FB500792777 /* SSASideMenu.swift in Sources */ = {isa = PBXBuildFile; fileRef = B18818641F2B5FB500792777 /* SSASideMenu.swift */; };
		B18818671F2B5FDE00792777 /* LeftMenuViewController.swift in Sources */ = {isa = PBXBuildFile; fileRef = B18818661F2B5FDE00792777 /* LeftMenuViewController.swift */; };
		B18920EF1FA9C6B700F17571 /* TransactionDetailViewController.swift in Sources */ = {isa = PBXBuildFile; fileRef = B18920EE1FA9C6B700F17571 /* TransactionDetailViewController.swift */; };
		B19BD7E61F75029400A7EEB2 /* 9W.png in Resources */ = {isa = PBXBuildFile; fileRef = B19BD7E51F75029400A7EEB2 /* 9W.png */; };
		B1A221B0202AEDEC00254E24 /* .gitignore in Resources */ = {isa = PBXBuildFile; fileRef = B1A221AF202AEDEC00254E24 /* .gitignore */; };
		B1A36E121FA99BFE00A55A70 /* TransactionViewController.swift in Sources */ = {isa = PBXBuildFile; fileRef = B1A36E111FA99BFE00A55A70 /* TransactionViewController.swift */; };
		B1A532CF1F7DFB620035489D /* H1.png in Resources */ = {isa = PBXBuildFile; fileRef = B1A532CD1F7DFB620035489D /* H1.png */; };
		B1A532D01F7DFB620035489D /* WY.png in Resources */ = {isa = PBXBuildFile; fileRef = B1A532CE1F7DFB620035489D /* WY.png */; };
		B1AA8F521F7B97E300E6120E /* FareRulesViewController.swift in Sources */ = {isa = PBXBuildFile; fileRef = B1AA8F511F7B97E300E6120E /* FareRulesViewController.swift */; };
		B1AA8F541F7BD00900E6120E /* PassengerDetailsViewController.swift in Sources */ = {isa = PBXBuildFile; fileRef = B1AA8F531F7BD00900E6120E /* PassengerDetailsViewController.swift */; };
		B1AB212E1F669C3F00FC8E30 /* ChangePasswordViewController.swift in Sources */ = {isa = PBXBuildFile; fileRef = B1AB212D1F669C3F00FC8E30 /* ChangePasswordViewController.swift */; };
		B1AB21321F669C8500FC8E30 /* SupportingFileViewController.swift in Sources */ = {isa = PBXBuildFile; fileRef = B1AB21311F669C8500FC8E30 /* SupportingFileViewController.swift */; };
		B1AB21341F669C9700FC8E30 /* HomeViewController.swift in Sources */ = {isa = PBXBuildFile; fileRef = B1AB21331F669C9700FC8E30 /* HomeViewController.swift */; };
		B1AD69881F385E7100C01ED1 /* EditProfileViewController.swift in Sources */ = {isa = PBXBuildFile; fileRef = B1AD69871F385E7100C01ED1 /* EditProfileViewController.swift */; };
		B1B032F61F398EF300DFBCD4 /* Main2.storyboard in Resources */ = {isa = PBXBuildFile; fileRef = B1B032F51F398EF300DFBCD4 /* Main2.storyboard */; };
		B1B032F81F39989400DFBCD4 /* SingleWayViewController.swift in Sources */ = {isa = PBXBuildFile; fileRef = B1B032F71F39989400DFBCD4 /* SingleWayViewController.swift */; };
		B1B032FA1F39BD6C00DFBCD4 /* TwoWayViewController.swift in Sources */ = {isa = PBXBuildFile; fileRef = B1B032F91F39BD6C00DFBCD4 /* TwoWayViewController.swift */; };
		B1B4AAD71F74D24A0077E06F /* AY.png in Resources */ = {isa = PBXBuildFile; fileRef = B1B4AACD1F74D24A0077E06F /* AY.png */; };
		B1B4AAD81F74D24A0077E06F /* B3.png in Resources */ = {isa = PBXBuildFile; fileRef = B1B4AACE1F74D24A0077E06F /* B3.png */; };
		B1B4AAD91F74D24A0077E06F /* CZ.png in Resources */ = {isa = PBXBuildFile; fileRef = B1B4AACF1F74D24A0077E06F /* CZ.png */; };
		B1B4AADA1F74D24A0077E06F /* FR.png in Resources */ = {isa = PBXBuildFile; fileRef = B1B4AAD01F74D24A0077E06F /* FR.png */; };
		B1B4AADB1F74D24A0077E06F /* IX.png in Resources */ = {isa = PBXBuildFile; fileRef = B1B4AAD11F74D24A0077E06F /* IX.png */; };
		B1B4AADC1F74D24A0077E06F /* PG.png in Resources */ = {isa = PBXBuildFile; fileRef = B1B4AAD21F74D24A0077E06F /* PG.png */; };
		B1B4AADD1F74D24A0077E06F /* S2.png in Resources */ = {isa = PBXBuildFile; fileRef = B1B4AAD31F74D24A0077E06F /* S2.png */; };
		B1B4AADE1F74D24A0077E06F /* SN.png in Resources */ = {isa = PBXBuildFile; fileRef = B1B4AAD41F74D24A0077E06F /* SN.png */; };
		B1B4AADF1F74D24A0077E06F /* U2.png in Resources */ = {isa = PBXBuildFile; fileRef = B1B4AAD51F74D24A0077E06F /* U2.png */; };
		B1B4AAE01F74D24A0077E06F /* ZS.png in Resources */ = {isa = PBXBuildFile; fileRef = B1B4AAD61F74D24A0077E06F /* ZS.png */; };
		B1B4AAE21F74D28D0077E06F /* 6E.png in Resources */ = {isa = PBXBuildFile; fileRef = B1B4AAE11F74D28D0077E06F /* 6E.png */; };
		B1B4AB151F74D2C50077E06F /* 9H.png in Resources */ = {isa = PBXBuildFile; fileRef = B1B4AAE31F74D2C50077E06F /* 9H.png */; };
		B1B4AB171F74D2C50077E06F /* AA.png in Resources */ = {isa = PBXBuildFile; fileRef = B1B4AAE51F74D2C50077E06F /* AA.png */; };
		B1B4AB181F74D2C50077E06F /* AF.png in Resources */ = {isa = PBXBuildFile; fileRef = B1B4AAE61F74D2C50077E06F /* AF.png */; };
		B1B4AB191F74D2C50077E06F /* AI.png in Resources */ = {isa = PBXBuildFile; fileRef = B1B4AAE71F74D2C50077E06F /* AI.png */; };
		B1B4AB1A1F74D2C50077E06F /* AK.png in Resources */ = {isa = PBXBuildFile; fileRef = B1B4AAE81F74D2C50077E06F /* AK.png */; };
		B1B4AB1B1F74D2C50077E06F /* AZ.png in Resources */ = {isa = PBXBuildFile; fileRef = B1B4AAE91F74D2C50077E06F /* AZ.png */; };
		B1B4AB1C1F74D2C50077E06F /* BA.png in Resources */ = {isa = PBXBuildFile; fileRef = B1B4AAEA1F74D2C50077E06F /* BA.png */; };
		B1B4AB1D1F74D2C50077E06F /* CO.png in Resources */ = {isa = PBXBuildFile; fileRef = B1B4AAEB1F74D2C50077E06F /* CO.png */; };
		B1B4AB1E1F74D2C50077E06F /* CX.png in Resources */ = {isa = PBXBuildFile; fileRef = B1B4AAEC1F74D2C50077E06F /* CX.png */; };
		B1B4AB1F1F74D2C50077E06F /* D7.png in Resources */ = {isa = PBXBuildFile; fileRef = B1B4AAED1F74D2C50077E06F /* D7.png */; };
		B1B4AB201F74D2C50077E06F /* DL.png in Resources */ = {isa = PBXBuildFile; fileRef = B1B4AAEE1F74D2C50077E06F /* DL.png */; };
		B1B4AB211F74D2C50077E06F /* DN.png in Resources */ = {isa = PBXBuildFile; fileRef = B1B4AAEF1F74D2C50077E06F /* DN.png */; };
		B1B4AB221F74D2C50077E06F /* EK.png in Resources */ = {isa = PBXBuildFile; fileRef = B1B4AAF01F74D2C50077E06F /* EK.png */; };
		B1B4AB231F74D2C50077E06F /* ET.png in Resources */ = {isa = PBXBuildFile; fileRef = B1B4AAF11F74D2C50077E06F /* ET.png */; };
		B1B4AB241F74D2C50077E06F /* EY.png in Resources */ = {isa = PBXBuildFile; fileRef = B1B4AAF21F74D2C50077E06F /* EY.png */; };
		B1B4AB251F74D2C50077E06F /* FD.png in Resources */ = {isa = PBXBuildFile; fileRef = B1B4AAF31F74D2C50077E06F /* FD.png */; };
		B1B4AB261F74D2C50077E06F /* FZ.png in Resources */ = {isa = PBXBuildFile; fileRef = B1B4AAF41F74D2C50077E06F /* FZ.png */; };
		B1B4AB271F74D2C50077E06F /* G8.png in Resources */ = {isa = PBXBuildFile; fileRef = B1B4AAF51F74D2C50077E06F /* G8.png */; };
		B1B4AB281F74D2C50077E06F /* G9.png in Resources */ = {isa = PBXBuildFile; fileRef = B1B4AAF61F74D2C50077E06F /* G9.png */; };
		B1B4AB291F74D2C50077E06F /* GF.png in Resources */ = {isa = PBXBuildFile; fileRef = B1B4AAF71F74D2C50077E06F /* GF.png */; };
		B1B4AB2A1F74D2C50077E06F /* I7.png in Resources */ = {isa = PBXBuildFile; fileRef = B1B4AAF81F74D2C50077E06F /* I7.png */; };
		B1B4AB2B1F74D2C50077E06F /* IC.png in Resources */ = {isa = PBXBuildFile; fileRef = B1B4AAF91F74D2C50077E06F /* IC.png */; };
		B1B4AB2C1F74D2C50077E06F /* IT.png in Resources */ = {isa = PBXBuildFile; fileRef = B1B4AAFA1F74D2C50077E06F /* IT.png */; };
		B1B4AB2D1F74D2C50077E06F /* KL.png in Resources */ = {isa = PBXBuildFile; fileRef = B1B4AAFB1F74D2C50077E06F /* KL.png */; };
		B1B4AB2E1F74D2C50077E06F /* KU.png in Resources */ = {isa = PBXBuildFile; fileRef = B1B4AAFC1F74D2C50077E06F /* KU.png */; };
		B1B4AB2F1F74D2C50077E06F /* LB.png in Resources */ = {isa = PBXBuildFile; fileRef = B1B4AAFD1F74D2C50077E06F /* LB.png */; };
		B1B4AB301F74D2C50077E06F /* LH.png in Resources */ = {isa = PBXBuildFile; fileRef = B1B4AAFE1F74D2C50077E06F /* LH.png */; };
		B1B4AB311F74D2C50077E06F /* LX.png in Resources */ = {isa = PBXBuildFile; fileRef = B1B4AAFF1F74D2C50077E06F /* LX.png */; };
		B1B4AB321F74D2C50077E06F /* MH.png in Resources */ = {isa = PBXBuildFile; fileRef = B1B4AB001F74D2C50077E06F /* MH.png */; };
		B1B4AB331F74D2C50077E06F /* MULTI.png in Resources */ = {isa = PBXBuildFile; fileRef = B1B4AB011F74D2C50077E06F /* MULTI.png */; };
		B1B4AB341F74D2C50077E06F /* NOLOGO.png in Resources */ = {isa = PBXBuildFile; fileRef = B1B4AB021F74D2C50077E06F /* NOLOGO.png */; };
		B1B4AB351F74D2C50077E06F /* OS.png in Resources */ = {isa = PBXBuildFile; fileRef = B1B4AB031F74D2C50077E06F /* OS.png */; };
		B1B4AB361F74D2C50077E06F /* PR.png in Resources */ = {isa = PBXBuildFile; fileRef = B1B4AB041F74D2C50077E06F /* PR.png */; };
		B1B4AB371F74D2C50077E06F /* QF.png in Resources */ = {isa = PBXBuildFile; fileRef = B1B4AB051F74D2C50077E06F /* QF.png */; };
		B1B4AB381F74D2C50077E06F /* QR.png in Resources */ = {isa = PBXBuildFile; fileRef = B1B4AB061F74D2C50077E06F /* QR.png */; };
		B1B4AB391F74D2C50077E06F /* QZ.png in Resources */ = {isa = PBXBuildFile; fileRef = B1B4AB071F74D2C50077E06F /* QZ.png */; };
		B1B4AB3A1F74D2C50077E06F /* RA.png in Resources */ = {isa = PBXBuildFile; fileRef = B1B4AB081F74D2C50077E06F /* RA.png */; };
		B1B4AB3B1F74D2C50077E06F /* SG.png in Resources */ = {isa = PBXBuildFile; fileRef = B1B4AB091F74D2C50077E06F /* SG.png */; };
		B1B4AB3C1F74D2C50077E06F /* SQ.png in Resources */ = {isa = PBXBuildFile; fileRef = B1B4AB0A1F74D2C50077E06F /* SQ.png */; };
		B1B4AB3D1F74D2C50077E06F /* SU.png in Resources */ = {isa = PBXBuildFile; fileRef = B1B4AB0B1F74D2C50077E06F /* SU.png */; };
		B1B4AB3E1F74D2C50077E06F /* SV.png in Resources */ = {isa = PBXBuildFile; fileRef = B1B4AB0C1F74D2C50077E06F /* SV.png */; };
		B1B4AB3F1F74D2C50077E06F /* TG.png in Resources */ = {isa = PBXBuildFile; fileRef = B1B4AB0D1F74D2C50077E06F /* TG.png */; };
		B1B4AB401F74D2C50077E06F /* TK.png in Resources */ = {isa = PBXBuildFile; fileRef = B1B4AB0E1F74D2C50077E06F /* TK.png */; };
		B1B4AB411F74D2C50077E06F /* UA.png in Resources */ = {isa = PBXBuildFile; fileRef = B1B4AB0F1F74D2C50077E06F /* UA.png */; };
		B1B4AB421F74D2C50077E06F /* UK.png in Resources */ = {isa = PBXBuildFile; fileRef = B1B4AB101F74D2C50077E06F /* UK.png */; };
		B1B4AB431F74D2C50077E06F /* UL.png in Resources */ = {isa = PBXBuildFile; fileRef = B1B4AB111F74D2C50077E06F /* UL.png */; };
		B1B4AB441F74D2C50077E06F /* VS.png in Resources */ = {isa = PBXBuildFile; fileRef = B1B4AB121F74D2C50077E06F /* VS.png */; };
		B1B4AB451F74D2C50077E06F /* wordspan.png in Resources */ = {isa = PBXBuildFile; fileRef = B1B4AB131F74D2C50077E06F /* wordspan.png */; };
		B1B4AB461F74D2C50077E06F /* Z5.png in Resources */ = {isa = PBXBuildFile; fileRef = B1B4AB141F74D2C50077E06F /* Z5.png */; };
		B1B92AD91F3077F1008B034A /* ForgotPassViewController.swift in Sources */ = {isa = PBXBuildFile; fileRef = B1B92AD81F3077F1008B034A /* ForgotPassViewController.swift */; };
		B1C037FE1F8B4ADC00F93316 /* SuccessViewController.swift in Sources */ = {isa = PBXBuildFile; fileRef = B1C037FD1F8B4ADB00F93316 /* SuccessViewController.swift */; };
		B1C0A1471F6115830053AA71 /* FSCalendar+Deprecated.m in Sources */ = {isa = PBXBuildFile; fileRef = B1C0A1261F6115830053AA71 /* FSCalendar+Deprecated.m */; };
		B1C0A1481F6115830053AA71 /* FSCalendar.m in Sources */ = {isa = PBXBuildFile; fileRef = B1C0A1281F6115830053AA71 /* FSCalendar.m */; };
		B1C0A1491F6115830053AA71 /* FSCalendarAppearance.m in Sources */ = {isa = PBXBuildFile; fileRef = B1C0A12A1F6115830053AA71 /* FSCalendarAppearance.m */; };
		B1C0A14A1F6115830053AA71 /* FSCalendarCalculator.m in Sources */ = {isa = PBXBuildFile; fileRef = B1C0A12C1F6115830053AA71 /* FSCalendarCalculator.m */; };
		B1C0A14B1F6115830053AA71 /* FSCalendarCell.m in Sources */ = {isa = PBXBuildFile; fileRef = B1C0A12E1F6115830053AA71 /* FSCalendarCell.m */; };
		B1C0A14C1F6115830053AA71 /* FSCalendarCollectionView.m in Sources */ = {isa = PBXBuildFile; fileRef = B1C0A1301F6115830053AA71 /* FSCalendarCollectionView.m */; };
		B1C0A14D1F6115830053AA71 /* FSCalendarCollectionViewLayout.m in Sources */ = {isa = PBXBuildFile; fileRef = B1C0A1321F6115830053AA71 /* FSCalendarCollectionViewLayout.m */; };
		B1C0A14E1F6115830053AA71 /* FSCalendarConstants.m in Sources */ = {isa = PBXBuildFile; fileRef = B1C0A1341F6115830053AA71 /* FSCalendarConstants.m */; };
		B1C0A14F1F6115830053AA71 /* FSCalendarDelegationFactory.m in Sources */ = {isa = PBXBuildFile; fileRef = B1C0A1361F6115830053AA71 /* FSCalendarDelegationFactory.m */; };
		B1C0A1501F6115830053AA71 /* FSCalendarDelegationProxy.m in Sources */ = {isa = PBXBuildFile; fileRef = B1C0A1381F6115830053AA71 /* FSCalendarDelegationProxy.m */; };
		B1C0A1511F6115830053AA71 /* FSCalendarExtensions.m in Sources */ = {isa = PBXBuildFile; fileRef = B1C0A13B1F6115830053AA71 /* FSCalendarExtensions.m */; };
		B1C0A1521F6115830053AA71 /* FSCalendarHeaderView.m in Sources */ = {isa = PBXBuildFile; fileRef = B1C0A13D1F6115830053AA71 /* FSCalendarHeaderView.m */; };
		B1C0A1531F6115830053AA71 /* FSCalendarScopeHandle.m in Sources */ = {isa = PBXBuildFile; fileRef = B1C0A13F1F6115830053AA71 /* FSCalendarScopeHandle.m */; };
		B1C0A1541F6115830053AA71 /* FSCalendarStickyHeader.m in Sources */ = {isa = PBXBuildFile; fileRef = B1C0A1411F6115830053AA71 /* FSCalendarStickyHeader.m */; };
		B1C0A1551F6115830053AA71 /* FSCalendarTransitionCoordinator.m in Sources */ = {isa = PBXBuildFile; fileRef = B1C0A1431F6115830053AA71 /* FSCalendarTransitionCoordinator.m */; };
		B1C0A1561F6115830053AA71 /* FSCalendarWeekdayView.m in Sources */ = {isa = PBXBuildFile; fileRef = B1C0A1451F6115830053AA71 /* FSCalendarWeekdayView.m */; };
		B1C0A1671F6124F90053AA71 /* PECropViewController.m in Sources */ = {isa = PBXBuildFile; fileRef = B1C0A15E1F6124F90053AA71 /* PECropViewController.m */; };
		B1C0A1681F6124F90053AA71 /* PECropView.m in Sources */ = {isa = PBXBuildFile; fileRef = B1C0A1601F6124F90053AA71 /* PECropView.m */; };
		B1C0A1691F6124F90053AA71 /* PECropRectView.m in Sources */ = {isa = PBXBuildFile; fileRef = B1C0A1621F6124F90053AA71 /* PECropRectView.m */; };
		B1C0A16A1F6124F90053AA71 /* PEResizeControl.m in Sources */ = {isa = PBXBuildFile; fileRef = B1C0A1641F6124F90053AA71 /* PEResizeControl.m */; };
		B1C0A16B1F6124F90053AA71 /* UIImage+PECrop.m in Sources */ = {isa = PBXBuildFile; fileRef = B1C0A1661F6124F90053AA71 /* UIImage+PECrop.m */; };
		B1DADD501F5EC7FA002A5D7D /* ListingViewController.swift in Sources */ = {isa = PBXBuildFile; fileRef = B1DADD4C1F5EC7FA002A5D7D /* ListingViewController.swift */; };
		B1DADD511F5EC7FA002A5D7D /* Main.storyboard in Resources */ = {isa = PBXBuildFile; fileRef = B1DADD4D1F5EC7FA002A5D7D /* Main.storyboard */; };
		B1E5AD481F3D9B8D009F6A79 /* FlightDetailViewController.swift in Sources */ = {isa = PBXBuildFile; fileRef = B1E5AD471F3D9B8D009F6A79 /* FlightDetailViewController.swift */; };
		B1E5AD4C1F3DC241009F6A79 /* flightHeader.xib in Resources */ = {isa = PBXBuildFile; fileRef = B1E5AD4B1F3DC241009F6A79 /* flightHeader.xib */; };
		B1E7555D1F41BFFB00B61819 /* FlightDetailBookViewController.swift in Sources */ = {isa = PBXBuildFile; fileRef = B1E7555C1F41BFFA00B61819 /* FlightDetailBookViewController.swift */; };
		B1F625471FB9B78200CED4B2 /* DateViewController.swift in Sources */ = {isa = PBXBuildFile; fileRef = B1F625461FB9B78100CED4B2 /* DateViewController.swift */; };
		B1F6254A1FB9B7AC00CED4B2 /* DIYExampleViewController.swift in Sources */ = {isa = PBXBuildFile; fileRef = B1F625481FB9B7AB00CED4B2 /* DIYExampleViewController.swift */; };
		B1F6254B1FB9B7AC00CED4B2 /* DIYCalendarCell.swift in Sources */ = {isa = PBXBuildFile; fileRef = B1F625491FB9B7AB00CED4B2 /* DIYCalendarCell.swift */; };
		B1F9716E1F9710CF006D6AE5 /* PaymentViewController.swift in Sources */ = {isa = PBXBuildFile; fileRef = B1F9716D1F9710CE006D6AE5 /* PaymentViewController.swift */; };
		B1FB30E61F4AB4C9005809AA /* StaticContentViewController.swift in Sources */ = {isa = PBXBuildFile; fileRef = B1FB30E51F4AB4C9005809AA /* StaticContentViewController.swift */; };
/* End PBXBuildFile section */

/* Begin PBXFileReference section */
		1587B74DA6CB748F29BEFAC2 /* Pods-Tick8.debug.xcconfig */ = {isa = PBXFileReference; includeInIndex = 1; lastKnownFileType = text.xcconfig; name = "Pods-Tick8.debug.xcconfig"; path = "Pods/Target Support Files/Pods-Tick8/Pods-Tick8.debug.xcconfig"; sourceTree = "<group>"; };
		1D4BC35B7D5EF4C339B7B15A /* libPods-Tick8.a */ = {isa = PBXFileReference; explicitFileType = archive.ar; includeInIndex = 0; path = "libPods-Tick8.a"; sourceTree = BUILT_PRODUCTS_DIR; };
		572BC2954DD8BCD6F9FBC789 /* Pods-Tick8.release.xcconfig */ = {isa = PBXFileReference; includeInIndex = 1; lastKnownFileType = text.xcconfig; name = "Pods-Tick8.release.xcconfig"; path = "Pods/Target Support Files/Pods-Tick8/Pods-Tick8.release.xcconfig"; sourceTree = "<group>"; };
		B1050DB81F4C345F005FF2D5 /* Fabric.framework */ = {isa = PBXFileReference; lastKnownFileType = wrapper.framework; path = Fabric.framework; sourceTree = SOURCE_ROOT; };
		B1050DB91F4C345F005FF2D5 /* Crashlytics.framework */ = {isa = PBXFileReference; lastKnownFileType = wrapper.framework; path = Crashlytics.framework; sourceTree = SOURCE_ROOT; };
		B148B3971F70E30000924FC5 /* MyProfileViewController.swift */ = {isa = PBXFileReference; fileEncoding = 4; lastKnownFileType = sourcecode.swift; path = MyProfileViewController.swift; sourceTree = "<group>"; };
		B148B39B1F70E57E00924FC5 /* Assets.xcassets */ = {isa = PBXFileReference; lastKnownFileType = folder.assetcatalog; path = Assets.xcassets; sourceTree = "<group>"; };
		B148B39D1F71081D00924FC5 /* SortViewController.swift */ = {isa = PBXFileReference; fileEncoding = 4; lastKnownFileType = sourcecode.swift; path = SortViewController.swift; sourceTree = "<group>"; };
		B14AB63D1F9F062B00300D0A /* AVFoundation.framework */ = {isa = PBXFileReference; lastKnownFileType = wrapper.framework; name = AVFoundation.framework; path = System/Library/Frameworks/AVFoundation.framework; sourceTree = SDKROOT; };
		B15446071F4ABF0C00A75BE7 /* ContactUsViewController.swift */ = {isa = PBXFileReference; fileEncoding = 4; lastKnownFileType = sourcecode.swift; path = ContactUsViewController.swift; sourceTree = "<group>"; };
		B17054631FB4273C004F892E /* RefundViewController.swift */ = {isa = PBXFileReference; lastKnownFileType = sourcecode.swift; path = RefundViewController.swift; sourceTree = "<group>"; };
		B170A8B11F4AFDF900212673 /* KGCopyableLabel.swift */ = {isa = PBXFileReference; fileEncoding = 4; lastKnownFileType = sourcecode.swift; path = KGCopyableLabel.swift; sourceTree = "<group>"; };
		B18013CE1F722B65000F3043 /* FilterViewController.swift */ = {isa = PBXFileReference; fileEncoding = 4; lastKnownFileType = sourcecode.swift; path = FilterViewController.swift; sourceTree = "<group>"; };
		B18013D01F722B6C000F3043 /* RangeSlider.swift */ = {isa = PBXFileReference; fileEncoding = 4; lastKnownFileType = sourcecode.swift; path = RangeSlider.swift; sourceTree = "<group>"; };
		B186DF821F2EFBA800824A94 /* Arimo-Bold.ttf */ = {isa = PBXFileReference; lastKnownFileType = file; path = "Arimo-Bold.ttf"; sourceTree = "<group>"; };
		B186DF831F2EFBA800824A94 /* Arimo-BoldItalic.ttf */ = {isa = PBXFileReference; lastKnownFileType = file; path = "Arimo-BoldItalic.ttf"; sourceTree = "<group>"; };
		B186DF841F2EFBA800824A94 /* Arimo-Italic.ttf */ = {isa = PBXFileReference; lastKnownFileType = file; path = "Arimo-Italic.ttf"; sourceTree = "<group>"; };
		B186DF851F2EFBA800824A94 /* Arimo-Regular.ttf */ = {isa = PBXFileReference; lastKnownFileType = file; path = "Arimo-Regular.ttf"; sourceTree = "<group>"; };
		B186DF871F2F1C4300824A94 /* BG.png */ = {isa = PBXFileReference; lastKnownFileType = image.png; path = BG.png; sourceTree = "<group>"; };
		B186DF881F2F1C4400824A94 /* BG640x960.png */ = {isa = PBXFileReference; lastKnownFileType = image.png; path = BG640x960.png; sourceTree = "<group>"; };
		B186DF891F2F1C4400824A94 /* BG640x1136.png */ = {isa = PBXFileReference; lastKnownFileType = image.png; path = BG640x1136.png; sourceTree = "<group>"; };
		B186DF8A1F2F1C4400824A94 /* BG750.png */ = {isa = PBXFileReference; lastKnownFileType = image.png; path = BG750.png; sourceTree = "<group>"; };
		B186DF8F1F2F1CD300824A94 /* LoginViewController.swift */ = {isa = PBXFileReference; fileEncoding = 4; lastKnownFileType = sourcecode.swift; path = LoginViewController.swift; sourceTree = "<group>"; };
		B186DF911F2F4E9000824A94 /* RegisterViewController.swift */ = {isa = PBXFileReference; fileEncoding = 4; lastKnownFileType = sourcecode.swift; path = RegisterViewController.swift; sourceTree = "<group>"; };
		B18818291F2B1DFC00792777 /* Tick8.app */ = {isa = PBXFileReference; explicitFileType = wrapper.application; includeInIndex = 0; path = Tick8.app; sourceTree = BUILT_PRODUCTS_DIR; };
		B188182C1F2B1DFC00792777 /* AppDelegate.swift */ = {isa = PBXFileReference; lastKnownFileType = sourcecode.swift; path = AppDelegate.swift; sourceTree = "<group>"; };
		B18818361F2B1DFC00792777 /* Base */ = {isa = PBXFileReference; lastKnownFileType = file.storyboard; name = Base; path = Base.lproj/LaunchScreen.storyboard; sourceTree = "<group>"; };
		B18818381F2B1DFC00792777 /* Info.plist */ = {isa = PBXFileReference; lastKnownFileType = text.plist.xml; path = Info.plist; sourceTree = "<group>"; };
		B188183E1F2B1E5B00792777 /* UIDeviceControl.swift */ = {isa = PBXFileReference; fileEncoding = 4; lastKnownFileType = sourcecode.swift; path = UIDeviceControl.swift; sourceTree = "<group>"; };
		B18818401F2B1E5B00792777 /* Constant.swift */ = {isa = PBXFileReference; fileEncoding = 4; lastKnownFileType = sourcecode.swift; path = Constant.swift; sourceTree = "<group>"; };
		B18818461F2B1EF800792777 /* Tick8-Bridging-Header.h */ = {isa = PBXFileReference; lastKnownFileType = sourcecode.c.h; path = "Tick8-Bridging-Header.h"; sourceTree = "<group>"; };
		B18818491F2B1EFA00792777 /* AGPushNoteView.h */ = {isa = PBXFileReference; fileEncoding = 4; lastKnownFileType = sourcecode.c.h; path = AGPushNoteView.h; sourceTree = "<group>"; };
		B188184C1F2B1EFA00792777 /* MBProgressHUD.h */ = {isa = PBXFileReference; fileEncoding = 4; lastKnownFileType = sourcecode.c.h; path = MBProgressHUD.h; sourceTree = "<group>"; };
		B188184D1F2B1EFA00792777 /* MBProgressHUD.m */ = {isa = PBXFileReference; fileEncoding = 4; lastKnownFileType = sourcecode.c.objc; path = MBProgressHUD.m; sourceTree = "<group>"; };
		B188184F1F2B1EFA00792777 /* UIImage+animatedGIF.h */ = {isa = PBXFileReference; fileEncoding = 4; lastKnownFileType = sourcecode.c.h; path = "UIImage+animatedGIF.h"; sourceTree = "<group>"; };
		B18818501F2B1EFA00792777 /* UIImage+animatedGIF.m */ = {isa = PBXFileReference; fileEncoding = 4; lastKnownFileType = sourcecode.c.objc; path = "UIImage+animatedGIF.m"; sourceTree = "<group>"; };
		B18818531F2B1EFA00792777 /* Reachability.h */ = {isa = PBXFileReference; fileEncoding = 4; lastKnownFileType = sourcecode.c.h; path = Reachability.h; sourceTree = "<group>"; };
		B18818541F2B1EFA00792777 /* Reachability.m */ = {isa = PBXFileReference; fileEncoding = 4; lastKnownFileType = sourcecode.c.objc; path = Reachability.m; sourceTree = "<group>"; };
		B18818551F2B1EFA00792777 /* AGPushNoteView.m */ = {isa = PBXFileReference; fileEncoding = 4; lastKnownFileType = sourcecode.c.objc; path = AGPushNoteView.m; sourceTree = "<group>"; };
		B18818641F2B5FB500792777 /* SSASideMenu.swift */ = {isa = PBXFileReference; fileEncoding = 4; lastKnownFileType = sourcecode.swift; path = SSASideMenu.swift; sourceTree = "<group>"; };
		B18818661F2B5FDE00792777 /* LeftMenuViewController.swift */ = {isa = PBXFileReference; fileEncoding = 4; lastKnownFileType = sourcecode.swift; path = LeftMenuViewController.swift; sourceTree = "<group>"; };
		B18920EE1FA9C6B700F17571 /* TransactionDetailViewController.swift */ = {isa = PBXFileReference; lastKnownFileType = sourcecode.swift; path = TransactionDetailViewController.swift; sourceTree = "<group>"; };
		B19A21611F6A783600C85B54 /* Tick8.entitlements */ = {isa = PBXFileReference; lastKnownFileType = text.plist.entitlements; path = Tick8.entitlements; sourceTree = "<group>"; };
		B19BD7E51F75029400A7EEB2 /* 9W.png */ = {isa = PBXFileReference; lastKnownFileType = image.png; path = 9W.png; sourceTree = "<group>"; };
		B1A221AF202AEDEC00254E24 /* .gitignore */ = {isa = PBXFileReference; lastKnownFileType = text; path = .gitignore; sourceTree = "<group>"; };
		B1A36E111FA99BFE00A55A70 /* TransactionViewController.swift */ = {isa = PBXFileReference; lastKnownFileType = sourcecode.swift; path = TransactionViewController.swift; sourceTree = "<group>"; };
		B1A532CD1F7DFB620035489D /* H1.png */ = {isa = PBXFileReference; lastKnownFileType = image.png; path = H1.png; sourceTree = "<group>"; };
		B1A532CE1F7DFB620035489D /* WY.png */ = {isa = PBXFileReference; lastKnownFileType = image.png; path = WY.png; sourceTree = "<group>"; };
		B1AA8F511F7B97E300E6120E /* FareRulesViewController.swift */ = {isa = PBXFileReference; fileEncoding = 4; lastKnownFileType = sourcecode.swift; path = FareRulesViewController.swift; sourceTree = "<group>"; };
		B1AA8F531F7BD00900E6120E /* PassengerDetailsViewController.swift */ = {isa = PBXFileReference; fileEncoding = 4; lastKnownFileType = sourcecode.swift; path = PassengerDetailsViewController.swift; sourceTree = "<group>"; };
		B1AB212D1F669C3F00FC8E30 /* ChangePasswordViewController.swift */ = {isa = PBXFileReference; fileEncoding = 4; lastKnownFileType = sourcecode.swift; path = ChangePasswordViewController.swift; sourceTree = "<group>"; };
		B1AB21311F669C8500FC8E30 /* SupportingFileViewController.swift */ = {isa = PBXFileReference; fileEncoding = 4; lastKnownFileType = sourcecode.swift; path = SupportingFileViewController.swift; sourceTree = "<group>"; };
		B1AB21331F669C9700FC8E30 /* HomeViewController.swift */ = {isa = PBXFileReference; fileEncoding = 4; lastKnownFileType = sourcecode.swift; path = HomeViewController.swift; sourceTree = "<group>"; };
		B1AD69871F385E7100C01ED1 /* EditProfileViewController.swift */ = {isa = PBXFileReference; fileEncoding = 4; lastKnownFileType = sourcecode.swift; path = EditProfileViewController.swift; sourceTree = "<group>"; };
		B1B032F51F398EF300DFBCD4 /* Main2.storyboard */ = {isa = PBXFileReference; fileEncoding = 4; lastKnownFileType = file.storyboard; path = Main2.storyboard; sourceTree = "<group>"; };
		B1B032F71F39989400DFBCD4 /* SingleWayViewController.swift */ = {isa = PBXFileReference; fileEncoding = 4; lastKnownFileType = sourcecode.swift; path = SingleWayViewController.swift; sourceTree = "<group>"; };
		B1B032F91F39BD6C00DFBCD4 /* TwoWayViewController.swift */ = {isa = PBXFileReference; fileEncoding = 4; lastKnownFileType = sourcecode.swift; path = TwoWayViewController.swift; sourceTree = "<group>"; };
		B1B4AACD1F74D24A0077E06F /* AY.png */ = {isa = PBXFileReference; lastKnownFileType = image.png; path = AY.png; sourceTree = "<group>"; };
		B1B4AACE1F74D24A0077E06F /* B3.png */ = {isa = PBXFileReference; lastKnownFileType = image.png; path = B3.png; sourceTree = "<group>"; };
		B1B4AACF1F74D24A0077E06F /* CZ.png */ = {isa = PBXFileReference; lastKnownFileType = image.png; path = CZ.png; sourceTree = "<group>"; };
		B1B4AAD01F74D24A0077E06F /* FR.png */ = {isa = PBXFileReference; lastKnownFileType = image.png; path = FR.png; sourceTree = "<group>"; };
		B1B4AAD11F74D24A0077E06F /* IX.png */ = {isa = PBXFileReference; lastKnownFileType = image.png; path = IX.png; sourceTree = "<group>"; };
		B1B4AAD21F74D24A0077E06F /* PG.png */ = {isa = PBXFileReference; lastKnownFileType = image.png; path = PG.png; sourceTree = "<group>"; };
		B1B4AAD31F74D24A0077E06F /* S2.png */ = {isa = PBXFileReference; lastKnownFileType = image.png; path = S2.png; sourceTree = "<group>"; };
		B1B4AAD41F74D24A0077E06F /* SN.png */ = {isa = PBXFileReference; lastKnownFileType = image.png; path = SN.png; sourceTree = "<group>"; };
		B1B4AAD51F74D24A0077E06F /* U2.png */ = {isa = PBXFileReference; lastKnownFileType = image.png; path = U2.png; sourceTree = "<group>"; };
		B1B4AAD61F74D24A0077E06F /* ZS.png */ = {isa = PBXFileReference; lastKnownFileType = image.png; path = ZS.png; sourceTree = "<group>"; };
		B1B4AAE11F74D28D0077E06F /* 6E.png */ = {isa = PBXFileReference; lastKnownFileType = image.png; path = 6E.png; sourceTree = "<group>"; };
		B1B4AAE31F74D2C50077E06F /* 9H.png */ = {isa = PBXFileReference; lastKnownFileType = image.png; path = 9H.png; sourceTree = "<group>"; };
		B1B4AAE51F74D2C50077E06F /* AA.png */ = {isa = PBXFileReference; lastKnownFileType = image.png; path = AA.png; sourceTree = "<group>"; };
		B1B4AAE61F74D2C50077E06F /* AF.png */ = {isa = PBXFileReference; lastKnownFileType = image.png; path = AF.png; sourceTree = "<group>"; };
		B1B4AAE71F74D2C50077E06F /* AI.png */ = {isa = PBXFileReference; lastKnownFileType = image.png; path = AI.png; sourceTree = "<group>"; };
		B1B4AAE81F74D2C50077E06F /* AK.png */ = {isa = PBXFileReference; lastKnownFileType = image.png; path = AK.png; sourceTree = "<group>"; };
		B1B4AAE91F74D2C50077E06F /* AZ.png */ = {isa = PBXFileReference; lastKnownFileType = image.png; path = AZ.png; sourceTree = "<group>"; };
		B1B4AAEA1F74D2C50077E06F /* BA.png */ = {isa = PBXFileReference; lastKnownFileType = image.png; path = BA.png; sourceTree = "<group>"; };
		B1B4AAEB1F74D2C50077E06F /* CO.png */ = {isa = PBXFileReference; lastKnownFileType = image.png; path = CO.png; sourceTree = "<group>"; };
		B1B4AAEC1F74D2C50077E06F /* CX.png */ = {isa = PBXFileReference; lastKnownFileType = image.png; path = CX.png; sourceTree = "<group>"; };
		B1B4AAED1F74D2C50077E06F /* D7.png */ = {isa = PBXFileReference; lastKnownFileType = image.png; path = D7.png; sourceTree = "<group>"; };
		B1B4AAEE1F74D2C50077E06F /* DL.png */ = {isa = PBXFileReference; lastKnownFileType = image.png; path = DL.png; sourceTree = "<group>"; };
		B1B4AAEF1F74D2C50077E06F /* DN.png */ = {isa = PBXFileReference; lastKnownFileType = image.png; path = DN.png; sourceTree = "<group>"; };
		B1B4AAF01F74D2C50077E06F /* EK.png */ = {isa = PBXFileReference; lastKnownFileType = image.png; path = EK.png; sourceTree = "<group>"; };
		B1B4AAF11F74D2C50077E06F /* ET.png */ = {isa = PBXFileReference; lastKnownFileType = image.png; path = ET.png; sourceTree = "<group>"; };
		B1B4AAF21F74D2C50077E06F /* EY.png */ = {isa = PBXFileReference; lastKnownFileType = image.png; path = EY.png; sourceTree = "<group>"; };
		B1B4AAF31F74D2C50077E06F /* FD.png */ = {isa = PBXFileReference; lastKnownFileType = image.png; path = FD.png; sourceTree = "<group>"; };
		B1B4AAF41F74D2C50077E06F /* FZ.png */ = {isa = PBXFileReference; lastKnownFileType = image.png; path = FZ.png; sourceTree = "<group>"; };
		B1B4AAF51F74D2C50077E06F /* G8.png */ = {isa = PBXFileReference; lastKnownFileType = image.png; path = G8.png; sourceTree = "<group>"; };
		B1B4AAF61F74D2C50077E06F /* G9.png */ = {isa = PBXFileReference; lastKnownFileType = image.png; path = G9.png; sourceTree = "<group>"; };
		B1B4AAF71F74D2C50077E06F /* GF.png */ = {isa = PBXFileReference; lastKnownFileType = image.png; path = GF.png; sourceTree = "<group>"; };
		B1B4AAF81F74D2C50077E06F /* I7.png */ = {isa = PBXFileReference; lastKnownFileType = image.png; path = I7.png; sourceTree = "<group>"; };
		B1B4AAF91F74D2C50077E06F /* IC.png */ = {isa = PBXFileReference; lastKnownFileType = image.png; path = IC.png; sourceTree = "<group>"; };
		B1B4AAFA1F74D2C50077E06F /* IT.png */ = {isa = PBXFileReference; lastKnownFileType = image.png; path = IT.png; sourceTree = "<group>"; };
		B1B4AAFB1F74D2C50077E06F /* KL.png */ = {isa = PBXFileReference; lastKnownFileType = image.png; path = KL.png; sourceTree = "<group>"; };
		B1B4AAFC1F74D2C50077E06F /* KU.png */ = {isa = PBXFileReference; lastKnownFileType = image.png; path = KU.png; sourceTree = "<group>"; };
		B1B4AAFD1F74D2C50077E06F /* LB.png */ = {isa = PBXFileReference; lastKnownFileType = image.png; path = LB.png; sourceTree = "<group>"; };
		B1B4AAFE1F74D2C50077E06F /* LH.png */ = {isa = PBXFileReference; lastKnownFileType = image.png; path = LH.png; sourceTree = "<group>"; };
		B1B4AAFF1F74D2C50077E06F /* LX.png */ = {isa = PBXFileReference; lastKnownFileType = image.png; path = LX.png; sourceTree = "<group>"; };
		B1B4AB001F74D2C50077E06F /* MH.png */ = {isa = PBXFileReference; lastKnownFileType = image.png; path = MH.png; sourceTree = "<group>"; };
		B1B4AB011F74D2C50077E06F /* MULTI.png */ = {isa = PBXFileReference; lastKnownFileType = image.png; path = MULTI.png; sourceTree = "<group>"; };
		B1B4AB021F74D2C50077E06F /* NOLOGO.png */ = {isa = PBXFileReference; lastKnownFileType = image.png; path = NOLOGO.png; sourceTree = "<group>"; };
		B1B4AB031F74D2C50077E06F /* OS.png */ = {isa = PBXFileReference; lastKnownFileType = image.png; path = OS.png; sourceTree = "<group>"; };
		B1B4AB041F74D2C50077E06F /* PR.png */ = {isa = PBXFileReference; lastKnownFileType = image.png; path = PR.png; sourceTree = "<group>"; };
		B1B4AB051F74D2C50077E06F /* QF.png */ = {isa = PBXFileReference; lastKnownFileType = image.png; path = QF.png; sourceTree = "<group>"; };
		B1B4AB061F74D2C50077E06F /* QR.png */ = {isa = PBXFileReference; lastKnownFileType = image.png; path = QR.png; sourceTree = "<group>"; };
		B1B4AB071F74D2C50077E06F /* QZ.png */ = {isa = PBXFileReference; lastKnownFileType = image.png; path = QZ.png; sourceTree = "<group>"; };
		B1B4AB081F74D2C50077E06F /* RA.png */ = {isa = PBXFileReference; lastKnownFileType = image.png; path = RA.png; sourceTree = "<group>"; };
		B1B4AB091F74D2C50077E06F /* SG.png */ = {isa = PBXFileReference; lastKnownFileType = image.png; path = SG.png; sourceTree = "<group>"; };
		B1B4AB0A1F74D2C50077E06F /* SQ.png */ = {isa = PBXFileReference; lastKnownFileType = image.png; path = SQ.png; sourceTree = "<group>"; };
		B1B4AB0B1F74D2C50077E06F /* SU.png */ = {isa = PBXFileReference; lastKnownFileType = image.png; path = SU.png; sourceTree = "<group>"; };
		B1B4AB0C1F74D2C50077E06F /* SV.png */ = {isa = PBXFileReference; lastKnownFileType = image.png; path = SV.png; sourceTree = "<group>"; };
		B1B4AB0D1F74D2C50077E06F /* TG.png */ = {isa = PBXFileReference; lastKnownFileType = image.png; path = TG.png; sourceTree = "<group>"; };
		B1B4AB0E1F74D2C50077E06F /* TK.png */ = {isa = PBXFileReference; lastKnownFileType = image.png; path = TK.png; sourceTree = "<group>"; };
		B1B4AB0F1F74D2C50077E06F /* UA.png */ = {isa = PBXFileReference; lastKnownFileType = image.png; path = UA.png; sourceTree = "<group>"; };
		B1B4AB101F74D2C50077E06F /* UK.png */ = {isa = PBXFileReference; lastKnownFileType = image.png; path = UK.png; sourceTree = "<group>"; };
		B1B4AB111F74D2C50077E06F /* UL.png */ = {isa = PBXFileReference; lastKnownFileType = image.png; path = UL.png; sourceTree = "<group>"; };
		B1B4AB121F74D2C50077E06F /* VS.png */ = {isa = PBXFileReference; lastKnownFileType = image.png; path = VS.png; sourceTree = "<group>"; };
		B1B4AB131F74D2C50077E06F /* wordspan.png */ = {isa = PBXFileReference; lastKnownFileType = image.png; path = wordspan.png; sourceTree = "<group>"; };
		B1B4AB141F74D2C50077E06F /* Z5.png */ = {isa = PBXFileReference; lastKnownFileType = image.png; path = Z5.png; sourceTree = "<group>"; };
		B1B92AD81F3077F1008B034A /* ForgotPassViewController.swift */ = {isa = PBXFileReference; fileEncoding = 4; lastKnownFileType = sourcecode.swift; path = ForgotPassViewController.swift; sourceTree = "<group>"; };
		B1C037FC1F8B329E00F93316 /* DIYExampleViewController.xib */ = {isa = PBXFileReference; lastKnownFileType = file.xib; path = DIYExampleViewController.xib; sourceTree = "<group>"; };
		B1C037FD1F8B4ADB00F93316 /* SuccessViewController.swift */ = {isa = PBXFileReference; lastKnownFileType = sourcecode.swift; path = SuccessViewController.swift; sourceTree = "<group>"; };
		B1C0A1261F6115830053AA71 /* FSCalendar+Deprecated.m */ = {isa = PBXFileReference; fileEncoding = 4; lastKnownFileType = sourcecode.c.objc; path = "FSCalendar+Deprecated.m"; sourceTree = "<group>"; };
		B1C0A1271F6115830053AA71 /* FSCalendar.h */ = {isa = PBXFileReference; fileEncoding = 4; lastKnownFileType = sourcecode.c.h; path = FSCalendar.h; sourceTree = "<group>"; };
		B1C0A1281F6115830053AA71 /* FSCalendar.m */ = {isa = PBXFileReference; fileEncoding = 4; lastKnownFileType = sourcecode.c.objc; path = FSCalendar.m; sourceTree = "<group>"; };
		B1C0A1291F6115830053AA71 /* FSCalendarAppearance.h */ = {isa = PBXFileReference; fileEncoding = 4; lastKnownFileType = sourcecode.c.h; path = FSCalendarAppearance.h; sourceTree = "<group>"; };
		B1C0A12A1F6115830053AA71 /* FSCalendarAppearance.m */ = {isa = PBXFileReference; fileEncoding = 4; lastKnownFileType = sourcecode.c.objc; path = FSCalendarAppearance.m; sourceTree = "<group>"; };
		B1C0A12B1F6115830053AA71 /* FSCalendarCalculator.h */ = {isa = PBXFileReference; fileEncoding = 4; lastKnownFileType = sourcecode.c.h; path = FSCalendarCalculator.h; sourceTree = "<group>"; };
		B1C0A12C1F6115830053AA71 /* FSCalendarCalculator.m */ = {isa = PBXFileReference; fileEncoding = 4; lastKnownFileType = sourcecode.c.objc; path = FSCalendarCalculator.m; sourceTree = "<group>"; };
		B1C0A12D1F6115830053AA71 /* FSCalendarCell.h */ = {isa = PBXFileReference; fileEncoding = 4; lastKnownFileType = sourcecode.c.h; path = FSCalendarCell.h; sourceTree = "<group>"; };
		B1C0A12E1F6115830053AA71 /* FSCalendarCell.m */ = {isa = PBXFileReference; fileEncoding = 4; lastKnownFileType = sourcecode.c.objc; path = FSCalendarCell.m; sourceTree = "<group>"; };
		B1C0A12F1F6115830053AA71 /* FSCalendarCollectionView.h */ = {isa = PBXFileReference; fileEncoding = 4; lastKnownFileType = sourcecode.c.h; path = FSCalendarCollectionView.h; sourceTree = "<group>"; };
		B1C0A1301F6115830053AA71 /* FSCalendarCollectionView.m */ = {isa = PBXFileReference; fileEncoding = 4; lastKnownFileType = sourcecode.c.objc; path = FSCalendarCollectionView.m; sourceTree = "<group>"; };
		B1C0A1311F6115830053AA71 /* FSCalendarCollectionViewLayout.h */ = {isa = PBXFileReference; fileEncoding = 4; lastKnownFileType = sourcecode.c.h; path = FSCalendarCollectionViewLayout.h; sourceTree = "<group>"; };
		B1C0A1321F6115830053AA71 /* FSCalendarCollectionViewLayout.m */ = {isa = PBXFileReference; fileEncoding = 4; lastKnownFileType = sourcecode.c.objc; path = FSCalendarCollectionViewLayout.m; sourceTree = "<group>"; };
		B1C0A1331F6115830053AA71 /* FSCalendarConstants.h */ = {isa = PBXFileReference; fileEncoding = 4; lastKnownFileType = sourcecode.c.h; path = FSCalendarConstants.h; sourceTree = "<group>"; };
		B1C0A1341F6115830053AA71 /* FSCalendarConstants.m */ = {isa = PBXFileReference; fileEncoding = 4; lastKnownFileType = sourcecode.c.objc; path = FSCalendarConstants.m; sourceTree = "<group>"; };
		B1C0A1351F6115830053AA71 /* FSCalendarDelegationFactory.h */ = {isa = PBXFileReference; fileEncoding = 4; lastKnownFileType = sourcecode.c.h; path = FSCalendarDelegationFactory.h; sourceTree = "<group>"; };
		B1C0A1361F6115830053AA71 /* FSCalendarDelegationFactory.m */ = {isa = PBXFileReference; fileEncoding = 4; lastKnownFileType = sourcecode.c.objc; path = FSCalendarDelegationFactory.m; sourceTree = "<group>"; };
		B1C0A1371F6115830053AA71 /* FSCalendarDelegationProxy.h */ = {isa = PBXFileReference; fileEncoding = 4; lastKnownFileType = sourcecode.c.h; path = FSCalendarDelegationProxy.h; sourceTree = "<group>"; };
		B1C0A1381F6115830053AA71 /* FSCalendarDelegationProxy.m */ = {isa = PBXFileReference; fileEncoding = 4; lastKnownFileType = sourcecode.c.objc; path = FSCalendarDelegationProxy.m; sourceTree = "<group>"; };
		B1C0A1391F6115830053AA71 /* FSCalendarDynamicHeader.h */ = {isa = PBXFileReference; fileEncoding = 4; lastKnownFileType = sourcecode.c.h; path = FSCalendarDynamicHeader.h; sourceTree = "<group>"; };
		B1C0A13A1F6115830053AA71 /* FSCalendarExtensions.h */ = {isa = PBXFileReference; fileEncoding = 4; lastKnownFileType = sourcecode.c.h; path = FSCalendarExtensions.h; sourceTree = "<group>"; };
		B1C0A13B1F6115830053AA71 /* FSCalendarExtensions.m */ = {isa = PBXFileReference; fileEncoding = 4; lastKnownFileType = sourcecode.c.objc; path = FSCalendarExtensions.m; sourceTree = "<group>"; };
		B1C0A13C1F6115830053AA71 /* FSCalendarHeaderView.h */ = {isa = PBXFileReference; fileEncoding = 4; lastKnownFileType = sourcecode.c.h; path = FSCalendarHeaderView.h; sourceTree = "<group>"; };
		B1C0A13D1F6115830053AA71 /* FSCalendarHeaderView.m */ = {isa = PBXFileReference; fileEncoding = 4; lastKnownFileType = sourcecode.c.objc; path = FSCalendarHeaderView.m; sourceTree = "<group>"; };
		B1C0A13E1F6115830053AA71 /* FSCalendarScopeHandle.h */ = {isa = PBXFileReference; fileEncoding = 4; lastKnownFileType = sourcecode.c.h; path = FSCalendarScopeHandle.h; sourceTree = "<group>"; };
		B1C0A13F1F6115830053AA71 /* FSCalendarScopeHandle.m */ = {isa = PBXFileReference; fileEncoding = 4; lastKnownFileType = sourcecode.c.objc; path = FSCalendarScopeHandle.m; sourceTree = "<group>"; };
		B1C0A1401F6115830053AA71 /* FSCalendarStickyHeader.h */ = {isa = PBXFileReference; fileEncoding = 4; lastKnownFileType = sourcecode.c.h; path = FSCalendarStickyHeader.h; sourceTree = "<group>"; };
		B1C0A1411F6115830053AA71 /* FSCalendarStickyHeader.m */ = {isa = PBXFileReference; fileEncoding = 4; lastKnownFileType = sourcecode.c.objc; path = FSCalendarStickyHeader.m; sourceTree = "<group>"; };
		B1C0A1421F6115830053AA71 /* FSCalendarTransitionCoordinator.h */ = {isa = PBXFileReference; fileEncoding = 4; lastKnownFileType = sourcecode.c.h; path = FSCalendarTransitionCoordinator.h; sourceTree = "<group>"; };
		B1C0A1431F6115830053AA71 /* FSCalendarTransitionCoordinator.m */ = {isa = PBXFileReference; fileEncoding = 4; lastKnownFileType = sourcecode.c.objc; path = FSCalendarTransitionCoordinator.m; sourceTree = "<group>"; };
		B1C0A1441F6115830053AA71 /* FSCalendarWeekdayView.h */ = {isa = PBXFileReference; fileEncoding = 4; lastKnownFileType = sourcecode.c.h; path = FSCalendarWeekdayView.h; sourceTree = "<group>"; };
		B1C0A1451F6115830053AA71 /* FSCalendarWeekdayView.m */ = {isa = PBXFileReference; fileEncoding = 4; lastKnownFileType = sourcecode.c.objc; path = FSCalendarWeekdayView.m; sourceTree = "<group>"; };
		B1C0A15D1F6124F90053AA71 /* PECropViewController.h */ = {isa = PBXFileReference; fileEncoding = 4; lastKnownFileType = sourcecode.c.h; path = PECropViewController.h; sourceTree = "<group>"; };
		B1C0A15E1F6124F90053AA71 /* PECropViewController.m */ = {isa = PBXFileReference; fileEncoding = 4; lastKnownFileType = sourcecode.c.objc; path = PECropViewController.m; sourceTree = "<group>"; };
		B1C0A15F1F6124F90053AA71 /* PECropView.h */ = {isa = PBXFileReference; fileEncoding = 4; lastKnownFileType = sourcecode.c.h; path = PECropView.h; sourceTree = "<group>"; };
		B1C0A1601F6124F90053AA71 /* PECropView.m */ = {isa = PBXFileReference; fileEncoding = 4; lastKnownFileType = sourcecode.c.objc; path = PECropView.m; sourceTree = "<group>"; };
		B1C0A1611F6124F90053AA71 /* PECropRectView.h */ = {isa = PBXFileReference; fileEncoding = 4; lastKnownFileType = sourcecode.c.h; path = PECropRectView.h; sourceTree = "<group>"; };
		B1C0A1621F6124F90053AA71 /* PECropRectView.m */ = {isa = PBXFileReference; fileEncoding = 4; lastKnownFileType = sourcecode.c.objc; path = PECropRectView.m; sourceTree = "<group>"; };
		B1C0A1631F6124F90053AA71 /* PEResizeControl.h */ = {isa = PBXFileReference; fileEncoding = 4; lastKnownFileType = sourcecode.c.h; path = PEResizeControl.h; sourceTree = "<group>"; };
		B1C0A1641F6124F90053AA71 /* PEResizeControl.m */ = {isa = PBXFileReference; fileEncoding = 4; lastKnownFileType = sourcecode.c.objc; path = PEResizeControl.m; sourceTree = "<group>"; };
		B1C0A1651F6124F90053AA71 /* UIImage+PECrop.h */ = {isa = PBXFileReference; fileEncoding = 4; lastKnownFileType = sourcecode.c.h; path = "UIImage+PECrop.h"; sourceTree = "<group>"; };
		B1C0A1661F6124F90053AA71 /* UIImage+PECrop.m */ = {isa = PBXFileReference; fileEncoding = 4; lastKnownFileType = sourcecode.c.objc; path = "UIImage+PECrop.m"; sourceTree = "<group>"; };
		B1DADD4C1F5EC7FA002A5D7D /* ListingViewController.swift */ = {isa = PBXFileReference; fileEncoding = 4; lastKnownFileType = sourcecode.swift; path = ListingViewController.swift; sourceTree = "<group>"; };
		B1DADD4D1F5EC7FA002A5D7D /* Main.storyboard */ = {isa = PBXFileReference; fileEncoding = 4; lastKnownFileType = file.storyboard; path = Main.storyboard; sourceTree = "<group>"; };
		B1E5AD471F3D9B8D009F6A79 /* FlightDetailViewController.swift */ = {isa = PBXFileReference; fileEncoding = 4; lastKnownFileType = sourcecode.swift; path = FlightDetailViewController.swift; sourceTree = "<group>"; };
		B1E5AD4B1F3DC241009F6A79 /* flightHeader.xib */ = {isa = PBXFileReference; fileEncoding = 4; lastKnownFileType = file.xib; path = flightHeader.xib; sourceTree = "<group>"; };
		B1E7555C1F41BFFA00B61819 /* FlightDetailBookViewController.swift */ = {isa = PBXFileReference; fileEncoding = 4; lastKnownFileType = sourcecode.swift; path = FlightDetailBookViewController.swift; sourceTree = "<group>"; };
		B1F625461FB9B78100CED4B2 /* DateViewController.swift */ = {isa = PBXFileReference; lastKnownFileType = sourcecode.swift; path = DateViewController.swift; sourceTree = "<group>"; };
		B1F625481FB9B7AB00CED4B2 /* DIYExampleViewController.swift */ = {isa = PBXFileReference; lastKnownFileType = sourcecode.swift; path = DIYExampleViewController.swift; sourceTree = "<group>"; };
		B1F625491FB9B7AB00CED4B2 /* DIYCalendarCell.swift */ = {isa = PBXFileReference; lastKnownFileType = sourcecode.swift; path = DIYCalendarCell.swift; sourceTree = "<group>"; };
		B1F9716D1F9710CE006D6AE5 /* PaymentViewController.swift */ = {isa = PBXFileReference; lastKnownFileType = sourcecode.swift; path = PaymentViewController.swift; sourceTree = "<group>"; };
		B1FB30E51F4AB4C9005809AA /* StaticContentViewController.swift */ = {isa = PBXFileReference; fileEncoding = 4; lastKnownFileType = sourcecode.swift; path = StaticContentViewController.swift; sourceTree = "<group>"; };
/* End PBXFileReference section */

/* Begin PBXFrameworksBuildPhase section */
		B18818261F2B1DFC00792777 /* Frameworks */ = {
			isa = PBXFrameworksBuildPhase;
			buildActionMask = 2147483647;
			files = (
				B14AB63E1F9F062C00300D0A /* AVFoundation.framework in Frameworks */,
				42D5D5C4C9EB3433D3E7F27F /* libPods-Tick8.a in Frameworks */,
				B1050DBB1F4C345F005FF2D5 /* Crashlytics.framework in Frameworks */,
				B1050DBA1F4C345F005FF2D5 /* Fabric.framework in Frameworks */,
			);
			runOnlyForDeploymentPostprocessing = 0;
		};
/* End PBXFrameworksBuildPhase section */

/* Begin PBXGroup section */
		2327C336476B3616D11DEB79 /* Frameworks */ = {
			isa = PBXGroup;
			children = (
				B14AB63D1F9F062B00300D0A /* AVFoundation.framework */,
				1D4BC35B7D5EF4C339B7B15A /* libPods-Tick8.a */,
			);
			name = Frameworks;
			sourceTree = "<group>";
		};
		B154DB591F471EA8000B7C97 /* Module 1 */ = {
			isa = PBXGroup;
			children = (
				B18818661F2B5FDE00792777 /* LeftMenuViewController.swift */,
				B186DF911F2F4E9000824A94 /* RegisterViewController.swift */,
				B1B92AD81F3077F1008B034A /* ForgotPassViewController.swift */,
				B1AB212D1F669C3F00FC8E30 /* ChangePasswordViewController.swift */,
				B1DADD4C1F5EC7FA002A5D7D /* ListingViewController.swift */,
				B1F625461FB9B78100CED4B2 /* DateViewController.swift */,
				B1AB21331F669C9700FC8E30 /* HomeViewController.swift */,
				B1DADD4D1F5EC7FA002A5D7D /* Main.storyboard */,
				B186DF8F1F2F1CD300824A94 /* LoginViewController.swift */,
				B1FB30E51F4AB4C9005809AA /* StaticContentViewController.swift */,
				B15446071F4ABF0C00A75BE7 /* ContactUsViewController.swift */,
			);
			name = "Module 1";
			sourceTree = "<group>";
		};
		B154DB5A1F471EC3000B7C97 /* Module 2 */ = {
			isa = PBXGroup;
			children = (
				B148B3971F70E30000924FC5 /* MyProfileViewController.swift */,
				B1B032F51F398EF300DFBCD4 /* Main2.storyboard */,
				B1AD69871F385E7100C01ED1 /* EditProfileViewController.swift */,
				B1E5AD471F3D9B8D009F6A79 /* FlightDetailViewController.swift */,
				B1B032F71F39989400DFBCD4 /* SingleWayViewController.swift */,
				B1AA8F531F7BD00900E6120E /* PassengerDetailsViewController.swift */,
				B18013CE1F722B65000F3043 /* FilterViewController.swift */,
				B1B032F91F39BD6C00DFBCD4 /* TwoWayViewController.swift */,
				B1E7555C1F41BFFA00B61819 /* FlightDetailBookViewController.swift */,
				B148B39D1F71081D00924FC5 /* SortViewController.swift */,
				B1AA8F511F7B97E300E6120E /* FareRulesViewController.swift */,
				B1C037FD1F8B4ADB00F93316 /* SuccessViewController.swift */,
				B1F9716D1F9710CE006D6AE5 /* PaymentViewController.swift */,
				B1A36E111FA99BFE00A55A70 /* TransactionViewController.swift */,
				B18920EE1FA9C6B700F17571 /* TransactionDetailViewController.swift */,
				B17054631FB4273C004F892E /* RefundViewController.swift */,
			);
			name = "Module 2";
			sourceTree = "<group>";
		};
		B186DF811F2EFB9600824A94 /* font */ = {
			isa = PBXGroup;
			children = (
				B186DF821F2EFBA800824A94 /* Arimo-Bold.ttf */,
				B186DF831F2EFBA800824A94 /* Arimo-BoldItalic.ttf */,
				B186DF841F2EFBA800824A94 /* Arimo-Italic.ttf */,
				B186DF851F2EFBA800824A94 /* Arimo-Regular.ttf */,
			);
			name = font;
			sourceTree = "<group>";
		};
		B186DF861F2F1C2A00824A94 /* background */ = {
			isa = PBXGroup;
			children = (
				B186DF871F2F1C4300824A94 /* BG.png */,
				B186DF881F2F1C4400824A94 /* BG640x960.png */,
				B186DF891F2F1C4400824A94 /* BG640x1136.png */,
				B186DF8A1F2F1C4400824A94 /* BG750.png */,
			);
			name = background;
			sourceTree = "<group>";
		};
		B18818201F2B1DFB00792777 = {
			isa = PBXGroup;
			children = (
				B1A221AF202AEDEC00254E24 /* .gitignore */,
				B188182B1F2B1DFC00792777 /* Tick8 */,
				B188182A1F2B1DFC00792777 /* Products */,
				B58179D6CB8944498D86C9F1 /* Pods */,
				2327C336476B3616D11DEB79 /* Frameworks */,
			);
			sourceTree = "<group>";
		};
		B188182A1F2B1DFC00792777 /* Products */ = {
			isa = PBXGroup;
			children = (
				B18818291F2B1DFC00792777 /* Tick8.app */,
			);
			name = Products;
			sourceTree = "<group>";
		};
		B188182B1F2B1DFC00792777 /* Tick8 */ = {
			isa = PBXGroup;
			children = (
				B19A21611F6A783600C85B54 /* Tick8.entitlements */,
				B1B4AACC1F74D24A0077E06F /* AirlineLogo */,
				B1C0A15C1F6124E00053AA71 /* PECropper */,
				B1C0A1251F6115830053AA71 /* FSCalendar */,
				B154DB5A1F471EC3000B7C97 /* Module 2 */,
				B154DB591F471EA8000B7C97 /* Module 1 */,
				B18818351F2B1DFC00792777 /* LaunchScreen.storyboard */,
				B148B39B1F70E57E00924FC5 /* Assets.xcassets */,
				B188182C1F2B1DFC00792777 /* AppDelegate.swift */,
				B186DF861F2F1C2A00824A94 /* background */,
				B18818451F2B1ED000792777 /* header files */,
				B18818441F2B1E6000792777 /* supporting files */,
				B186DF811F2EFB9600824A94 /* font */,
				B18818381F2B1DFC00792777 /* Info.plist */,
				B1050DB81F4C345F005FF2D5 /* Fabric.framework */,
				B1050DB91F4C345F005FF2D5 /* Crashlytics.framework */,
				B1E5AD4B1F3DC241009F6A79 /* flightHeader.xib */,
			);
			path = Tick8;
			sourceTree = "<group>";
		};
		B18818441F2B1E6000792777 /* supporting files */ = {
			isa = PBXGroup;
			children = (
				B18013D01F722B6C000F3043 /* RangeSlider.swift */,
				B1AB21311F669C8500FC8E30 /* SupportingFileViewController.swift */,
				B170A8B11F4AFDF900212673 /* KGCopyableLabel.swift */,
				B18818641F2B5FB500792777 /* SSASideMenu.swift */,
				B188183E1F2B1E5B00792777 /* UIDeviceControl.swift */,
				B18818401F2B1E5B00792777 /* Constant.swift */,
			);
			name = "supporting files";
			sourceTree = "<group>";
		};
		B18818451F2B1ED000792777 /* header files */ = {
			isa = PBXGroup;
			children = (
				B18818491F2B1EFA00792777 /* AGPushNoteView.h */,
				B188184C1F2B1EFA00792777 /* MBProgressHUD.h */,
				B188184D1F2B1EFA00792777 /* MBProgressHUD.m */,
				B188184F1F2B1EFA00792777 /* UIImage+animatedGIF.h */,
				B18818501F2B1EFA00792777 /* UIImage+animatedGIF.m */,
				B18818531F2B1EFA00792777 /* Reachability.h */,
				B18818541F2B1EFA00792777 /* Reachability.m */,
				B18818551F2B1EFA00792777 /* AGPushNoteView.m */,
				B18818461F2B1EF800792777 /* Tick8-Bridging-Header.h */,
			);
			name = "header files";
			sourceTree = "<group>";
		};
		B1B4AACC1F74D24A0077E06F /* AirlineLogo */ = {
			isa = PBXGroup;
			children = (
				B1B4AACD1F74D24A0077E06F /* AY.png */,
				B1B4AACE1F74D24A0077E06F /* B3.png */,
				B1B4AAE11F74D28D0077E06F /* 6E.png */,
				B19BD7E51F75029400A7EEB2 /* 9W.png */,
				B1A532CD1F7DFB620035489D /* H1.png */,
				B1A532CE1F7DFB620035489D /* WY.png */,
				B1B4AACF1F74D24A0077E06F /* CZ.png */,
				B1B4AAD01F74D24A0077E06F /* FR.png */,
				B1B4AAD11F74D24A0077E06F /* IX.png */,
				B1B4AAD21F74D24A0077E06F /* PG.png */,
				B1B4AAE31F74D2C50077E06F /* 9H.png */,
				B1B4AAE51F74D2C50077E06F /* AA.png */,
				B1B4AAE61F74D2C50077E06F /* AF.png */,
				B1B4AAE71F74D2C50077E06F /* AI.png */,
				B1B4AAE81F74D2C50077E06F /* AK.png */,
				B1B4AAE91F74D2C50077E06F /* AZ.png */,
				B1B4AAEA1F74D2C50077E06F /* BA.png */,
				B1B4AAEB1F74D2C50077E06F /* CO.png */,
				B1B4AAEC1F74D2C50077E06F /* CX.png */,
				B1B4AAED1F74D2C50077E06F /* D7.png */,
				B1B4AAEE1F74D2C50077E06F /* DL.png */,
				B1B4AAEF1F74D2C50077E06F /* DN.png */,
				B1B4AAF01F74D2C50077E06F /* EK.png */,
				B1B4AAF11F74D2C50077E06F /* ET.png */,
				B1B4AAF21F74D2C50077E06F /* EY.png */,
				B1B4AAF31F74D2C50077E06F /* FD.png */,
				B1B4AAF41F74D2C50077E06F /* FZ.png */,
				B1B4AAF51F74D2C50077E06F /* G8.png */,
				B1B4AAF61F74D2C50077E06F /* G9.png */,
				B1B4AAF71F74D2C50077E06F /* GF.png */,
				B1B4AAF81F74D2C50077E06F /* I7.png */,
				B1B4AAF91F74D2C50077E06F /* IC.png */,
				B1B4AAFA1F74D2C50077E06F /* IT.png */,
				B1B4AAFB1F74D2C50077E06F /* KL.png */,
				B1B4AAFC1F74D2C50077E06F /* KU.png */,
				B1B4AAFD1F74D2C50077E06F /* LB.png */,
				B1B4AAFE1F74D2C50077E06F /* LH.png */,
				B1B4AAFF1F74D2C50077E06F /* LX.png */,
				B1B4AB001F74D2C50077E06F /* MH.png */,
				B1B4AB011F74D2C50077E06F /* MULTI.png */,
				B1B4AB021F74D2C50077E06F /* NOLOGO.png */,
				B1B4AB031F74D2C50077E06F /* OS.png */,
				B1B4AB041F74D2C50077E06F /* PR.png */,
				B1B4AB051F74D2C50077E06F /* QF.png */,
				B1B4AB061F74D2C50077E06F /* QR.png */,
				B1B4AB071F74D2C50077E06F /* QZ.png */,
				B1B4AB081F74D2C50077E06F /* RA.png */,
				B1B4AB091F74D2C50077E06F /* SG.png */,
				B1B4AB0A1F74D2C50077E06F /* SQ.png */,
				B1B4AB0B1F74D2C50077E06F /* SU.png */,
				B1B4AB0C1F74D2C50077E06F /* SV.png */,
				B1B4AB0D1F74D2C50077E06F /* TG.png */,
				B1B4AB0E1F74D2C50077E06F /* TK.png */,
				B1B4AB0F1F74D2C50077E06F /* UA.png */,
				B1B4AB101F74D2C50077E06F /* UK.png */,
				B1B4AB111F74D2C50077E06F /* UL.png */,
				B1B4AB121F74D2C50077E06F /* VS.png */,
				B1B4AB131F74D2C50077E06F /* wordspan.png */,
				B1B4AB141F74D2C50077E06F /* Z5.png */,
				B1B4AAD31F74D24A0077E06F /* S2.png */,
				B1B4AAD41F74D24A0077E06F /* SN.png */,
				B1B4AAD51F74D24A0077E06F /* U2.png */,
				B1B4AAD61F74D24A0077E06F /* ZS.png */,
			);
			path = AirlineLogo;
			sourceTree = "<group>";
		};
		B1C0A1251F6115830053AA71 /* FSCalendar */ = {
			isa = PBXGroup;
			children = (
				B1C037FC1F8B329E00F93316 /* DIYExampleViewController.xib */,
				B1C0A1261F6115830053AA71 /* FSCalendar+Deprecated.m */,
				B1F625491FB9B7AB00CED4B2 /* DIYCalendarCell.swift */,
				B1F625481FB9B7AB00CED4B2 /* DIYExampleViewController.swift */,
				B1C0A1271F6115830053AA71 /* FSCalendar.h */,
				B1C0A1281F6115830053AA71 /* FSCalendar.m */,
				B1C0A1291F6115830053AA71 /* FSCalendarAppearance.h */,
				B1C0A12A1F6115830053AA71 /* FSCalendarAppearance.m */,
				B1C0A12B1F6115830053AA71 /* FSCalendarCalculator.h */,
				B1C0A12C1F6115830053AA71 /* FSCalendarCalculator.m */,
				B1C0A12D1F6115830053AA71 /* FSCalendarCell.h */,
				B1C0A12E1F6115830053AA71 /* FSCalendarCell.m */,
				B1C0A12F1F6115830053AA71 /* FSCalendarCollectionView.h */,
				B1C0A1301F6115830053AA71 /* FSCalendarCollectionView.m */,
				B1C0A1311F6115830053AA71 /* FSCalendarCollectionViewLayout.h */,
				B1C0A1321F6115830053AA71 /* FSCalendarCollectionViewLayout.m */,
				B1C0A1331F6115830053AA71 /* FSCalendarConstants.h */,
				B1C0A1341F6115830053AA71 /* FSCalendarConstants.m */,
				B1C0A1351F6115830053AA71 /* FSCalendarDelegationFactory.h */,
				B1C0A1361F6115830053AA71 /* FSCalendarDelegationFactory.m */,
				B1C0A1371F6115830053AA71 /* FSCalendarDelegationProxy.h */,
				B1C0A1381F6115830053AA71 /* FSCalendarDelegationProxy.m */,
				B1C0A1391F6115830053AA71 /* FSCalendarDynamicHeader.h */,
				B1C0A13A1F6115830053AA71 /* FSCalendarExtensions.h */,
				B1C0A13B1F6115830053AA71 /* FSCalendarExtensions.m */,
				B1C0A13C1F6115830053AA71 /* FSCalendarHeaderView.h */,
				B1C0A13D1F6115830053AA71 /* FSCalendarHeaderView.m */,
				B1C0A13E1F6115830053AA71 /* FSCalendarScopeHandle.h */,
				B1C0A13F1F6115830053AA71 /* FSCalendarScopeHandle.m */,
				B1C0A1401F6115830053AA71 /* FSCalendarStickyHeader.h */,
				B1C0A1411F6115830053AA71 /* FSCalendarStickyHeader.m */,
				B1C0A1421F6115830053AA71 /* FSCalendarTransitionCoordinator.h */,
				B1C0A1431F6115830053AA71 /* FSCalendarTransitionCoordinator.m */,
				B1C0A1441F6115830053AA71 /* FSCalendarWeekdayView.h */,
				B1C0A1451F6115830053AA71 /* FSCalendarWeekdayView.m */,
			);
			path = FSCalendar;
			sourceTree = "<group>";
		};
		B1C0A15C1F6124E00053AA71 /* PECropper */ = {
			isa = PBXGroup;
			children = (
				B1C0A15D1F6124F90053AA71 /* PECropViewController.h */,
				B1C0A15E1F6124F90053AA71 /* PECropViewController.m */,
				B1C0A15F1F6124F90053AA71 /* PECropView.h */,
				B1C0A1601F6124F90053AA71 /* PECropView.m */,
				B1C0A1611F6124F90053AA71 /* PECropRectView.h */,
				B1C0A1621F6124F90053AA71 /* PECropRectView.m */,
				B1C0A1631F6124F90053AA71 /* PEResizeControl.h */,
				B1C0A1641F6124F90053AA71 /* PEResizeControl.m */,
				B1C0A1651F6124F90053AA71 /* UIImage+PECrop.h */,
				B1C0A1661F6124F90053AA71 /* UIImage+PECrop.m */,
			);
			name = PECropper;
			sourceTree = "<group>";
		};
		B58179D6CB8944498D86C9F1 /* Pods */ = {
			isa = PBXGroup;
			children = (
				1587B74DA6CB748F29BEFAC2 /* Pods-Tick8.debug.xcconfig */,
				572BC2954DD8BCD6F9FBC789 /* Pods-Tick8.release.xcconfig */,
			);
			name = Pods;
			sourceTree = "<group>";
		};
/* End PBXGroup section */

/* Begin PBXNativeTarget section */
		B18818281F2B1DFC00792777 /* Tick8 */ = {
			isa = PBXNativeTarget;
			buildConfigurationList = B188183B1F2B1DFC00792777 /* Build configuration list for PBXNativeTarget "Tick8" */;
			buildPhases = (
				BB2617CF44E14FDA49D5B54A /* [CP] Check Pods Manifest.lock */,
				B18818251F2B1DFC00792777 /* Sources */,
				B18818261F2B1DFC00792777 /* Frameworks */,
				B18818271F2B1DFC00792777 /* Resources */,
				E978F56C5CC6F6BB1C658030 /* [CP] Embed Pods Frameworks */,
				79DA5DA0821E960D62A22803 /* [CP] Copy Pods Resources */,
				B1050DB71F4C3418005FF2D5 /* ShellScript */,
			);
			buildRules = (
			);
			dependencies = (
			);
			name = Tick8;
			productName = Tick8;
			productReference = B18818291F2B1DFC00792777 /* Tick8.app */;
			productType = "com.apple.product-type.application";
		};
/* End PBXNativeTarget section */

/* Begin PBXProject section */
		B18818211F2B1DFC00792777 /* Project object */ = {
			isa = PBXProject;
			attributes = {
				LastSwiftUpdateCheck = 0820;
				LastUpgradeCheck = 0820;
				ORGANIZATIONNAME = singsys;
				TargetAttributes = {
					B18818281F2B1DFC00792777 = {
						CreatedOnToolsVersion = 8.2.1;
						DevelopmentTeam = R2S9G5D89Q;
						LastSwiftMigration = 0820;
						ProvisioningStyle = Manual;
						SystemCapabilities = {
							com.apple.Push = {
								enabled = 0;
							};
						};
					};
				};
			};
			buildConfigurationList = B18818241F2B1DFC00792777 /* Build configuration list for PBXProject "Tick8" */;
			compatibilityVersion = "Xcode 3.2";
			developmentRegion = English;
			hasScannedForEncodings = 0;
			knownRegions = (
				en,
				Base,
			);
			mainGroup = B18818201F2B1DFB00792777;
			productRefGroup = B188182A1F2B1DFC00792777 /* Products */;
			projectDirPath = "";
			projectRoot = "";
			targets = (
				B18818281F2B1DFC00792777 /* Tick8 */,
			);
		};
/* End PBXProject section */

/* Begin PBXResourcesBuildPhase section */
		B18818271F2B1DFC00792777 /* Resources */ = {
			isa = PBXResourcesBuildPhase;
			buildActionMask = 2147483647;
			files = (
				B1B4AB3B1F74D2C50077E06F /* SG.png in Resources */,
				B1B4AB211F74D2C50077E06F /* DN.png in Resources */,
				B1B4AB191F74D2C50077E06F /* AI.png in Resources */,
				B1B4AADF1F74D24A0077E06F /* U2.png in Resources */,
				B186DF8D1F2F1C4400824A94 /* BG640x1136.png in Resources */,
				B1B4AB381F74D2C50077E06F /* QR.png in Resources */,
				B186DF8B1F2F1C4400824A94 /* BG.png in Resources */,
				B1B4AB251F74D2C50077E06F /* FD.png in Resources */,
				B1B4AB321F74D2C50077E06F /* MH.png in Resources */,
				B1B4AB2D1F74D2C50077E06F /* KL.png in Resources */,
				B1A532CF1F7DFB620035489D /* H1.png in Resources */,
				B1B4AB241F74D2C50077E06F /* EY.png in Resources */,
				B1B4AB1C1F74D2C50077E06F /* BA.png in Resources */,
				B154460B1F4AE0E000A75BE7 /* Arimo-Bold.ttf in Resources */,
				B1B4AB3A1F74D2C50077E06F /* RA.png in Resources */,
				B1A221B0202AEDEC00254E24 /* .gitignore in Resources */,
				B1B4AB311F74D2C50077E06F /* LX.png in Resources */,
				B1B4AB291F74D2C50077E06F /* GF.png in Resources */,
				B1B4AB2C1F74D2C50077E06F /* IT.png in Resources */,
				B1B4AB1A1F74D2C50077E06F /* AK.png in Resources */,
				B1B4AB411F74D2C50077E06F /* UA.png in Resources */,
				B1B4AB2E1F74D2C50077E06F /* KU.png in Resources */,
				B1B4AB2F1F74D2C50077E06F /* LB.png in Resources */,
				B1B4AB151F74D2C50077E06F /* 9H.png in Resources */,
				B1B4AAD71F74D24A0077E06F /* AY.png in Resources */,
				B1B4AAE01F74D24A0077E06F /* ZS.png in Resources */,
				B154460E1F4AE0E700A75BE7 /* Arimo-Regular.ttf in Resources */,
				B148B39C1F70E57E00924FC5 /* Assets.xcassets in Resources */,
				B1B4AB171F74D2C50077E06F /* AA.png in Resources */,
				B1B4AADE1F74D24A0077E06F /* SN.png in Resources */,
				B1B4AB371F74D2C50077E06F /* QF.png in Resources */,
				B19BD7E61F75029400A7EEB2 /* 9W.png in Resources */,
				B1B4AADA1F74D24A0077E06F /* FR.png in Resources */,
				B186DF8E1F2F1C4400824A94 /* BG750.png in Resources */,
				B1E5AD4C1F3DC241009F6A79 /* flightHeader.xib in Resources */,
				B1B4AAD91F74D24A0077E06F /* CZ.png in Resources */,
				B1B4AB431F74D2C50077E06F /* UL.png in Resources */,
				B1B4AB331F74D2C50077E06F /* MULTI.png in Resources */,
				B1B4AB261F74D2C50077E06F /* FZ.png in Resources */,
				B1B4AADB1F74D24A0077E06F /* IX.png in Resources */,
				B1B4AB2A1F74D2C50077E06F /* I7.png in Resources */,
				B154460C1F4AE0E200A75BE7 /* Arimo-BoldItalic.ttf in Resources */,
				B1DADD511F5EC7FA002A5D7D /* Main.storyboard in Resources */,
				B1B4AB1B1F74D2C50077E06F /* AZ.png in Resources */,
				B1B4AAE21F74D28D0077E06F /* 6E.png in Resources */,
				B1B4AB221F74D2C50077E06F /* EK.png in Resources */,
				B1B4AB461F74D2C50077E06F /* Z5.png in Resources */,
				B1B4AB301F74D2C50077E06F /* LH.png in Resources */,
				B1B4AB421F74D2C50077E06F /* UK.png in Resources */,
				B1B4AB351F74D2C50077E06F /* OS.png in Resources */,
				B1B4AB281F74D2C50077E06F /* G9.png in Resources */,
				B1B4AB451F74D2C50077E06F /* wordspan.png in Resources */,
				B1B4AB181F74D2C50077E06F /* AF.png in Resources */,
				B1B4AB361F74D2C50077E06F /* PR.png in Resources */,
				B1B4AADC1F74D24A0077E06F /* PG.png in Resources */,
				B1B4AB391F74D2C50077E06F /* QZ.png in Resources */,
				B1B4AB1F1F74D2C50077E06F /* D7.png in Resources */,
				B1B4AB3E1F74D2C50077E06F /* SV.png in Resources */,
				B1B4AB231F74D2C50077E06F /* ET.png in Resources */,
				B154460D1F4AE0E400A75BE7 /* Arimo-Italic.ttf in Resources */,
				B1B4AB1E1F74D2C50077E06F /* CX.png in Resources */,
				B1B4AB2B1F74D2C50077E06F /* IC.png in Resources */,
				B18818371F2B1DFC00792777 /* LaunchScreen.storyboard in Resources */,
				B1B4AB201F74D2C50077E06F /* DL.png in Resources */,
				B1B4AB3C1F74D2C50077E06F /* SQ.png in Resources */,
				B1A532D01F7DFB620035489D /* WY.png in Resources */,
				B1B4AAD81F74D24A0077E06F /* B3.png in Resources */,
				B1B4AB401F74D2C50077E06F /* TK.png in Resources */,
				B1B4AB3D1F74D2C50077E06F /* SU.png in Resources */,
				B1B4AB1D1F74D2C50077E06F /* CO.png in Resources */,
				B1B4AB271F74D2C50077E06F /* G8.png in Resources */,
				B1B4AADD1F74D24A0077E06F /* S2.png in Resources */,
				B1B4AB441F74D2C50077E06F /* VS.png in Resources */,
				B1B4AB3F1F74D2C50077E06F /* TG.png in Resources */,
				B1B032F61F398EF300DFBCD4 /* Main2.storyboard in Resources */,
				B186DF8C1F2F1C4400824A94 /* BG640x960.png in Resources */,
				B1B4AB341F74D2C50077E06F /* NOLOGO.png in Resources */,
			);
			runOnlyForDeploymentPostprocessing = 0;
		};
/* End PBXResourcesBuildPhase section */

/* Begin PBXShellScriptBuildPhase section */
		79DA5DA0821E960D62A22803 /* [CP] Copy Pods Resources */ = {
			isa = PBXShellScriptBuildPhase;
			buildActionMask = 2147483647;
			files = (
			);
			inputPaths = (
			);
			name = "[CP] Copy Pods Resources";
			outputPaths = (
			);
			runOnlyForDeploymentPostprocessing = 0;
			shellPath = /bin/sh;
			shellScript = "\"${SRCROOT}/Pods/Target Support Files/Pods-Tick8/Pods-Tick8-resources.sh\"\n";
			showEnvVarsInLog = 0;
		};
		B1050DB71F4C3418005FF2D5 /* ShellScript */ = {
			isa = PBXShellScriptBuildPhase;
			buildActionMask = 2147483647;
			files = (
			);
			inputPaths = (
			);
			outputPaths = (
			);
			runOnlyForDeploymentPostprocessing = 0;
			shellPath = /bin/sh;
			shellScript = "./Fabric.framework/run 11ea4801537818d7d6144f521197ae4a4edf05d4 a97eb524b705af5f1cf2f0878830ba0d160a593c698dd28645117857f75a3560";
		};
		BB2617CF44E14FDA49D5B54A /* [CP] Check Pods Manifest.lock */ = {
			isa = PBXShellScriptBuildPhase;
			buildActionMask = 2147483647;
			files = (
			);
			inputPaths = (
			);
			name = "[CP] Check Pods Manifest.lock";
			outputPaths = (
			);
			runOnlyForDeploymentPostprocessing = 0;
			shellPath = /bin/sh;
			shellScript = "diff \"${PODS_ROOT}/../Podfile.lock\" \"${PODS_ROOT}/Manifest.lock\" > /dev/null\nif [[ $? != 0 ]] ; then\n    cat << EOM\nerror: The sandbox is not in sync with the Podfile.lock. Run 'pod install' or update your CocoaPods installation.\nEOM\n    exit 1\nfi\n";
			showEnvVarsInLog = 0;
		};
		E978F56C5CC6F6BB1C658030 /* [CP] Embed Pods Frameworks */ = {
			isa = PBXShellScriptBuildPhase;
			buildActionMask = 2147483647;
			files = (
			);
			inputPaths = (
			);
			name = "[CP] Embed Pods Frameworks";
			outputPaths = (
			);
			runOnlyForDeploymentPostprocessing = 0;
			shellPath = /bin/sh;
			shellScript = "\"${SRCROOT}/Pods/Target Support Files/Pods-Tick8/Pods-Tick8-frameworks.sh\"\n";
			showEnvVarsInLog = 0;
		};
/* End PBXShellScriptBuildPhase section */

/* Begin PBXSourcesBuildPhase section */
		B18818251F2B1DFC00792777 /* Sources */ = {
			isa = PBXSourcesBuildPhase;
			buildActionMask = 2147483647;
			files = (
				B1AA8F541F7BD00900E6120E /* PassengerDetailsViewController.swift in Sources */,
				B1C0A16B1F6124F90053AA71 /* UIImage+PECrop.m in Sources */,
				B1C037FE1F8B4ADC00F93316 /* SuccessViewController.swift in Sources */,
				B1DADD501F5EC7FA002A5D7D /* ListingViewController.swift in Sources */,
				B18013CF1F722B65000F3043 /* FilterViewController.swift in Sources */,
				B1AB21321F669C8500FC8E30 /* SupportingFileViewController.swift in Sources */,
				B186DF901F2F1CD300824A94 /* LoginViewController.swift in Sources */,
				B188185E1F2B1EFA00792777 /* AGPushNoteView.m in Sources */,
				B1C0A1501F6115830053AA71 /* FSCalendarDelegationProxy.m in Sources */,
				B1C0A1541F6115830053AA71 /* FSCalendarStickyHeader.m in Sources */,
				B1B92AD91F3077F1008B034A /* ForgotPassViewController.swift in Sources */,
				B18818411F2B1E5B00792777 /* UIDeviceControl.swift in Sources */,
				B188185D1F2B1EFA00792777 /* Reachability.m in Sources */,
				B18818651F2B5FB500792777 /* SSASideMenu.swift in Sources */,
				B170A8B21F4AFDF900212673 /* KGCopyableLabel.swift in Sources */,
				B1C0A1551F6115830053AA71 /* FSCalendarTransitionCoordinator.m in Sources */,
				B1C0A1481F6115830053AA71 /* FSCalendar.m in Sources */,
				B18818431F2B1E5B00792777 /* Constant.swift in Sources */,
				B1AB21341F669C9700FC8E30 /* HomeViewController.swift in Sources */,
				B1F625471FB9B78200CED4B2 /* DateViewController.swift in Sources */,
				B1C0A1671F6124F90053AA71 /* PECropViewController.m in Sources */,
				B17054641FB4273C004F892E /* RefundViewController.swift in Sources */,
				B1A36E121FA99BFE00A55A70 /* TransactionViewController.swift in Sources */,
				B188185B1F2B1EFA00792777 /* UIImage+animatedGIF.m in Sources */,
				B148B39E1F71081D00924FC5 /* SortViewController.swift in Sources */,
				B1C0A1511F6115830053AA71 /* FSCalendarExtensions.m in Sources */,
				B1C0A1521F6115830053AA71 /* FSCalendarHeaderView.m in Sources */,
				B188182D1F2B1DFC00792777 /* AppDelegate.swift in Sources */,
				B1FB30E61F4AB4C9005809AA /* StaticContentViewController.swift in Sources */,
				B15446081F4ABF0C00A75BE7 /* ContactUsViewController.swift in Sources */,
				B1F6254A1FB9B7AC00CED4B2 /* DIYExampleViewController.swift in Sources */,
				B1AD69881F385E7100C01ED1 /* EditProfileViewController.swift in Sources */,
				B18818671F2B5FDE00792777 /* LeftMenuViewController.swift in Sources */,
				B1B032F81F39989400DFBCD4 /* SingleWayViewController.swift in Sources */,
				B1C0A14A1F6115830053AA71 /* FSCalendarCalculator.m in Sources */,
				B1C0A14F1F6115830053AA71 /* FSCalendarDelegationFactory.m in Sources */,
				B1F9716E1F9710CF006D6AE5 /* PaymentViewController.swift in Sources */,
				B1C0A16A1F6124F90053AA71 /* PEResizeControl.m in Sources */,
				B1C0A1561F6115830053AA71 /* FSCalendarWeekdayView.m in Sources */,
				B1C0A1691F6124F90053AA71 /* PECropRectView.m in Sources */,
				B186DF921F2F4E9000824A94 /* RegisterViewController.swift in Sources */,
				B1C0A14E1F6115830053AA71 /* FSCalendarConstants.m in Sources */,
				B18818591F2B1EFA00792777 /* MBProgressHUD.m in Sources */,
				B1C0A1531F6115830053AA71 /* FSCalendarScopeHandle.m in Sources */,
				B1C0A14D1F6115830053AA71 /* FSCalendarCollectionViewLayout.m in Sources */,
				B1E5AD481F3D9B8D009F6A79 /* FlightDetailViewController.swift in Sources */,
				B18920EF1FA9C6B700F17571 /* TransactionDetailViewController.swift in Sources */,
				B1C0A1491F6115830053AA71 /* FSCalendarAppearance.m in Sources */,
				B1E7555D1F41BFFB00B61819 /* FlightDetailBookViewController.swift in Sources */,
				B18013D11F722B6C000F3043 /* RangeSlider.swift in Sources */,
				B1C0A14C1F6115830053AA71 /* FSCalendarCollectionView.m in Sources */,
				B1C0A1471F6115830053AA71 /* FSCalendar+Deprecated.m in Sources */,
				B1C0A14B1F6115830053AA71 /* FSCalendarCell.m in Sources */,
				B1C0A1681F6124F90053AA71 /* PECropView.m in Sources */,
				B148B3981F70E30000924FC5 /* MyProfileViewController.swift in Sources */,
				B1F6254B1FB9B7AC00CED4B2 /* DIYCalendarCell.swift in Sources */,
				B1B032FA1F39BD6C00DFBCD4 /* TwoWayViewController.swift in Sources */,
				B1AA8F521F7B97E300E6120E /* FareRulesViewController.swift in Sources */,
				B1AB212E1F669C3F00FC8E30 /* ChangePasswordViewController.swift in Sources */,
			);
			runOnlyForDeploymentPostprocessing = 0;
		};
/* End PBXSourcesBuildPhase section */

/* Begin PBXVariantGroup section */
		B18818351F2B1DFC00792777 /* LaunchScreen.storyboard */ = {
			isa = PBXVariantGroup;
			children = (
				B18818361F2B1DFC00792777 /* Base */,
			);
			name = LaunchScreen.storyboard;
			sourceTree = "<group>";
		};
/* End PBXVariantGroup section */

/* Begin XCBuildConfiguration section */
		B18818391F2B1DFC00792777 /* Debug */ = {
			isa = XCBuildConfiguration;
			buildSettings = {
				ALWAYS_SEARCH_USER_PATHS = NO;
				CLANG_ANALYZER_NONNULL = YES;
				CLANG_CXX_LANGUAGE_STANDARD = "gnu++0x";
				CLANG_CXX_LIBRARY = "libc++";
				CLANG_ENABLE_MODULES = YES;
				CLANG_ENABLE_OBJC_ARC = YES;
				CLANG_WARN_BOOL_CONVERSION = YES;
				CLANG_WARN_CONSTANT_CONVERSION = YES;
				CLANG_WARN_DIRECT_OBJC_ISA_USAGE = YES_ERROR;
				CLANG_WARN_DOCUMENTATION_COMMENTS = YES;
				CLANG_WARN_EMPTY_BODY = YES;
				CLANG_WARN_ENUM_CONVERSION = YES;
				CLANG_WARN_INFINITE_RECURSION = YES;
				CLANG_WARN_INT_CONVERSION = YES;
				CLANG_WARN_OBJC_ROOT_CLASS = YES_ERROR;
				CLANG_WARN_SUSPICIOUS_MOVE = YES;
				CLANG_WARN_UNREACHABLE_CODE = YES;
				CLANG_WARN__DUPLICATE_METHOD_MATCH = YES;
				CODE_SIGN_IDENTITY = "iPhone Distribution: Gautam Kukreja (R2S9G5D89Q)";
				"CODE_SIGN_IDENTITY[sdk=iphoneos*]" = "iPhone Distribution: Gautam Kukreja (R2S9G5D89Q)";
				COPY_PHASE_STRIP = NO;
				DEBUG_INFORMATION_FORMAT = dwarf;
				DEVELOPMENT_TEAM = R2S9G5D89Q;
				ENABLE_STRICT_OBJC_MSGSEND = YES;
				ENABLE_TESTABILITY = YES;
				GCC_C_LANGUAGE_STANDARD = gnu99;
				GCC_DYNAMIC_NO_PIC = NO;
				GCC_NO_COMMON_BLOCKS = YES;
				GCC_OPTIMIZATION_LEVEL = 0;
				GCC_PREPROCESSOR_DEFINITIONS = (
					"DEBUG=1",
					"$(inherited)",
				);
				GCC_WARN_64_TO_32_BIT_CONVERSION = YES;
				GCC_WARN_ABOUT_RETURN_TYPE = YES_ERROR;
				GCC_WARN_UNDECLARED_SELECTOR = YES;
				GCC_WARN_UNINITIALIZED_AUTOS = YES_AGGRESSIVE;
				GCC_WARN_UNUSED_FUNCTION = YES;
				GCC_WARN_UNUSED_VARIABLE = YES;
				IPHONEOS_DEPLOYMENT_TARGET = 10.2;
				MTL_ENABLE_DEBUG_INFO = YES;
				ONLY_ACTIVE_ARCH = YES;
				PROVISIONING_PROFILE = "6655aa12-3c20-4dbe-a2e3-65b16531c6a1";
				SDKROOT = iphoneos;
				SWIFT_ACTIVE_COMPILATION_CONDITIONS = DEBUG;
				SWIFT_OPTIMIZATION_LEVEL = "-Onone";
			};
			name = Debug;
		};
		B188183A1F2B1DFC00792777 /* Release */ = {
			isa = XCBuildConfiguration;
			buildSettings = {
				ALWAYS_SEARCH_USER_PATHS = NO;
				CLANG_ANALYZER_NONNULL = YES;
				CLANG_CXX_LANGUAGE_STANDARD = "gnu++0x";
				CLANG_CXX_LIBRARY = "libc++";
				CLANG_ENABLE_MODULES = YES;
				CLANG_ENABLE_OBJC_ARC = YES;
				CLANG_WARN_BOOL_CONVERSION = YES;
				CLANG_WARN_CONSTANT_CONVERSION = YES;
				CLANG_WARN_DIRECT_OBJC_ISA_USAGE = YES_ERROR;
				CLANG_WARN_DOCUMENTATION_COMMENTS = YES;
				CLANG_WARN_EMPTY_BODY = YES;
				CLANG_WARN_ENUM_CONVERSION = YES;
				CLANG_WARN_INFINITE_RECURSION = YES;
				CLANG_WARN_INT_CONVERSION = YES;
				CLANG_WARN_OBJC_ROOT_CLASS = YES_ERROR;
				CLANG_WARN_SUSPICIOUS_MOVE = YES;
				CLANG_WARN_UNREACHABLE_CODE = YES;
				CLANG_WARN__DUPLICATE_METHOD_MATCH = YES;
				CODE_SIGN_IDENTITY = "iPhone Distribution: Gautam Kukreja (R2S9G5D89Q)";
				"CODE_SIGN_IDENTITY[sdk=iphoneos*]" = "iPhone Distribution: Gautam Kukreja (R2S9G5D89Q)";
				COPY_PHASE_STRIP = NO;
				DEBUG_INFORMATION_FORMAT = "dwarf-with-dsym";
				DEVELOPMENT_TEAM = R2S9G5D89Q;
				ENABLE_NS_ASSERTIONS = NO;
				ENABLE_STRICT_OBJC_MSGSEND = YES;
				GCC_C_LANGUAGE_STANDARD = gnu99;
				GCC_NO_COMMON_BLOCKS = YES;
				GCC_WARN_64_TO_32_BIT_CONVERSION = YES;
				GCC_WARN_ABOUT_RETURN_TYPE = YES_ERROR;
				GCC_WARN_UNDECLARED_SELECTOR = YES;
				GCC_WARN_UNINITIALIZED_AUTOS = YES_AGGRESSIVE;
				GCC_WARN_UNUSED_FUNCTION = YES;
				GCC_WARN_UNUSED_VARIABLE = YES;
				IPHONEOS_DEPLOYMENT_TARGET = 10.2;
				MTL_ENABLE_DEBUG_INFO = NO;
				PROVISIONING_PROFILE = "6655aa12-3c20-4dbe-a2e3-65b16531c6a1";
				SDKROOT = iphoneos;
				SWIFT_OPTIMIZATION_LEVEL = "-Owholemodule";
				VALIDATE_PRODUCT = YES;
			};
			name = Release;
		};
		B188183C1F2B1DFC00792777 /* Debug */ = {
			isa = XCBuildConfiguration;
			baseConfigurationReference = 1587B74DA6CB748F29BEFAC2 /* Pods-Tick8.debug.xcconfig */;
			buildSettings = {
				ASSETCATALOG_COMPILER_APPICON_NAME = AppIcon;
				ASSETCATALOG_COMPILER_LAUNCHIMAGE_NAME = LaunchImage;
				CLANG_ENABLE_MODULES = YES;
				CODE_SIGN_IDENTITY = "iPhone Distribution: Gautam Kukreja (R2S9G5D89Q)";
				"CODE_SIGN_IDENTITY[sdk=iphoneos*]" = "iPhone Distribution: Gautam Kukreja (R2S9G5D89Q)";
				CODE_SIGN_STYLE = Manual;
				DEVELOPMENT_TEAM = R2S9G5D89Q;
				FRAMEWORK_SEARCH_PATHS = (
					"$(inherited)",
					"$(PROJECT_DIR)",
				);
				INFOPLIST_FILE = Tick8/Info.plist;
				IPHONEOS_DEPLOYMENT_TARGET = 9.0;
				LD_RUNPATH_SEARCH_PATHS = "$(inherited) @executable_path/Frameworks";
				PRODUCT_BUNDLE_IDENTIFIER = com.Tick8;
				PRODUCT_NAME = "$(TARGET_NAME)";
				PROVISIONING_PROFILE = "6655aa12-3c20-4dbe-a2e3-65b16531c6a1";
				PROVISIONING_PROFILE_SPECIFIER = "Tick8 Production";
				SWIFT_OBJC_BRIDGING_HEADER = "Tick8/Tick8-Bridging-Header.h";
				SWIFT_OPTIMIZATION_LEVEL = "-Onone";
				SWIFT_VERSION = 3.0;
				TARGETED_DEVICE_FAMILY = 1;
			};
			name = Debug;
		};
		B188183D1F2B1DFC00792777 /* Release */ = {
			isa = XCBuildConfiguration;
			baseConfigurationReference = 572BC2954DD8BCD6F9FBC789 /* Pods-Tick8.release.xcconfig */;
			buildSettings = {
				ASSETCATALOG_COMPILER_APPICON_NAME = AppIcon;
				ASSETCATALOG_COMPILER_LAUNCHIMAGE_NAME = LaunchImage;
				CLANG_ENABLE_MODULES = YES;
				CODE_SIGN_IDENTITY = "iPhone Distribution: Gautam Kukreja (R2S9G5D89Q)";
				"CODE_SIGN_IDENTITY[sdk=iphoneos*]" = "iPhone Distribution: Gautam Kukreja (R2S9G5D89Q)";
				CODE_SIGN_STYLE = Manual;
				DEVELOPMENT_TEAM = R2S9G5D89Q;
				FRAMEWORK_SEARCH_PATHS = (
					"$(inherited)",
					"$(PROJECT_DIR)",
				);
				INFOPLIST_FILE = Tick8/Info.plist;
				IPHONEOS_DEPLOYMENT_TARGET = 9.0;
				LD_RUNPATH_SEARCH_PATHS = "$(inherited) @executable_path/Frameworks";
				PRODUCT_BUNDLE_IDENTIFIER = com.Tick8;
				PRODUCT_NAME = "$(TARGET_NAME)";
				PROVISIONING_PROFILE = "6655aa12-3c20-4dbe-a2e3-65b16531c6a1";
				PROVISIONING_PROFILE_SPECIFIER = "Tick8 Production";
				SWIFT_OBJC_BRIDGING_HEADER = "Tick8/Tick8-Bridging-Header.h";
				SWIFT_VERSION = 3.0;
				TARGETED_DEVICE_FAMILY = 1;
			};
			name = Release;
		};
/* End XCBuildConfiguration section */

/* Begin XCConfigurationList section */
		B18818241F2B1DFC00792777 /* Build configuration list for PBXProject "Tick8" */ = {
			isa = XCConfigurationList;
			buildConfigurations = (
				B18818391F2B1DFC00792777 /* Debug */,
				B188183A1F2B1DFC00792777 /* Release */,
			);
			defaultConfigurationIsVisible = 0;
			defaultConfigurationName = Release;
		};
		B188183B1F2B1DFC00792777 /* Build configuration list for PBXNativeTarget "Tick8" */ = {
			isa = XCConfigurationList;
			buildConfigurations = (
				B188183C1F2B1DFC00792777 /* Debug */,
				B188183D1F2B1DFC00792777 /* Release */,
			);
			defaultConfigurationIsVisible = 0;
			defaultConfigurationName = Release;
		};
/* End XCConfigurationList section */
	};
	rootObject = B18818211F2B1DFC00792777 /* Project object */;
}
